// !$*UTF8*$!
{
	archiveVersion = 1;
	classes = {
	};
	objectVersion = 56;
	objects = {

/* Begin PBXAggregateTarget section */
		803BAC3329BFAAE300FFAB1C /* XCFramework */ = {
			isa = PBXAggregateTarget;
			buildConfigurationList = 803BAC3429BFAAE300FFAB1C /* Build configuration list for PBXAggregateTarget "XCFramework" */;
			buildPhases = (
				803BAC3729BFAAEC00FFAB1C /* Build XCFramework */,
			);
			dependencies = (
			);
			name = XCFramework;
			productName = XCFramework;
		};
/* End PBXAggregateTarget section */

/* Begin PBXBuildFile section */
		803BAC1629BFA50700FFAB1C /* DxFeedSwiftFramework.framework in Frameworks */ = {isa = PBXBuildFile; fileRef = 803BAC0D29BFA50700FFAB1C /* DxFeedSwiftFramework.framework */; };
		803BAC1B29BFA50700FFAB1C /* DxFeedSwiftFrameworkTests.swift in Sources */ = {isa = PBXBuildFile; fileRef = 803BAC1A29BFA50700FFAB1C /* DxFeedSwiftFrameworkTests.swift */; };
		803BAC1C29BFA50700FFAB1C /* DxFeedSwiftFramework.h in Headers */ = {isa = PBXBuildFile; fileRef = 803BAC1029BFA50700FFAB1C /* DxFeedSwiftFramework.h */; settings = {ATTRIBUTES = (Public, ); }; };
		803BAC2729BFA67C00FFAB1C /* libDxFeedGraalNativeApi.dylib in Frameworks */ = {isa = PBXBuildFile; fileRef = 803BAC2629BFA67C00FFAB1C /* libDxFeedGraalNativeApi.dylib */; platformFilters = (macos, ); };
		803BAC2829BFA67C00FFAB1C /* libDxFeedGraalNativeApi.dylib in Embed Libraries */ = {isa = PBXBuildFile; fileRef = 803BAC2629BFA67C00FFAB1C /* libDxFeedGraalNativeApi.dylib */; platformFilters = (macos, ); settings = {ATTRIBUTES = (CodeSignOnCopy, ); }; };
		803BAC2B29BFA69A00FFAB1C /* libc++.tbd in Frameworks */ = {isa = PBXBuildFile; fileRef = 803BAC2A29BFA69400FFAB1C /* libc++.tbd */; };
		803BAC2F29BFA6FA00FFAB1C /* libDxFeedGraalNativeApi.o in Frameworks */ = {isa = PBXBuildFile; fileRef = 803BAC2E29BFA6EE00FFAB1C /* libDxFeedGraalNativeApi.o */; platformFilter = ios; };
		803BAC3029BFA6FA00FFAB1C /* jdk-arm64-ios-r.a in Frameworks */ = {isa = PBXBuildFile; fileRef = 803BAC2C29BFA6EE00FFAB1C /* jdk-arm64-ios-r.a */; platformFilter = ios; };
		803BAC3129BFA6FA00FFAB1C /* graal-svm-arm64-ios-r.a in Frameworks */ = {isa = PBXBuildFile; fileRef = 803BAC2D29BFA6EE00FFAB1C /* graal-svm-arm64-ios-r.a */; platformFilter = ios; };
/* End PBXBuildFile section */

/* Begin PBXContainerItemProxy section */
		803BAC1729BFA50700FFAB1C /* PBXContainerItemProxy */ = {
			isa = PBXContainerItemProxy;
			containerPortal = 803BAC0429BFA50700FFAB1C /* Project object */;
			proxyType = 1;
			remoteGlobalIDString = 803BAC0C29BFA50700FFAB1C;
			remoteInfo = DxFeedSwiftFramework;
		};
/* End PBXContainerItemProxy section */

/* Begin PBXCopyFilesBuildPhase section */
		803BAC2929BFA67C00FFAB1C /* Embed Libraries */ = {
			isa = PBXCopyFilesBuildPhase;
			buildActionMask = 2147483647;
			dstPath = "";
			dstSubfolderSpec = 10;
			files = (
				803BAC2829BFA67C00FFAB1C /* libDxFeedGraalNativeApi.dylib in Embed Libraries */,
			);
			name = "Embed Libraries";
			runOnlyForDeploymentPostprocessing = 0;
		};
/* End PBXCopyFilesBuildPhase section */

/* Begin PBXFileReference section */
		803BAC0D29BFA50700FFAB1C /* DxFeedSwiftFramework.framework */ = {isa = PBXFileReference; explicitFileType = wrapper.framework; includeInIndex = 0; path = DxFeedSwiftFramework.framework; sourceTree = BUILT_PRODUCTS_DIR; };
		803BAC1029BFA50700FFAB1C /* DxFeedSwiftFramework.h */ = {isa = PBXFileReference; lastKnownFileType = sourcecode.c.h; path = DxFeedSwiftFramework.h; sourceTree = "<group>"; };
		803BAC1529BFA50700FFAB1C /* DxFeedSwiftFrameworkTests.xctest */ = {isa = PBXFileReference; explicitFileType = wrapper.cfbundle; includeInIndex = 0; path = DxFeedSwiftFrameworkTests.xctest; sourceTree = BUILT_PRODUCTS_DIR; };
		803BAC1A29BFA50700FFAB1C /* DxFeedSwiftFrameworkTests.swift */ = {isa = PBXFileReference; lastKnownFileType = sourcecode.swift; path = DxFeedSwiftFrameworkTests.swift; sourceTree = "<group>"; };
		803BAC2629BFA67C00FFAB1C /* libDxFeedGraalNativeApi.dylib */ = {isa = PBXFileReference; lastKnownFileType = "compiled.mach-o.dylib"; name = libDxFeedGraalNativeApi.dylib; path = graal_builds/osx_universal/libDxFeedGraalNativeApi.dylib; sourceTree = "<group>"; };
		803BAC2A29BFA69400FFAB1C /* libc++.tbd */ = {isa = PBXFileReference; lastKnownFileType = "sourcecode.text-based-dylib-definition"; name = "libc++.tbd"; path = "Platforms/iPhoneOS.platform/Developer/SDKs/iPhoneOS16.2.sdk/usr/lib/libc++.tbd"; sourceTree = DEVELOPER_DIR; };
		803BAC2C29BFA6EE00FFAB1C /* jdk-arm64-ios-r.a */ = {isa = PBXFileReference; lastKnownFileType = archive.ar; name = "jdk-arm64-ios-r.a"; path = "graal_builds/ios/jdk-arm64-ios-r.a"; sourceTree = "<group>"; };
		803BAC2D29BFA6EE00FFAB1C /* graal-svm-arm64-ios-r.a */ = {isa = PBXFileReference; lastKnownFileType = archive.ar; name = "graal-svm-arm64-ios-r.a"; path = "graal_builds/ios/graal-svm-arm64-ios-r.a"; sourceTree = "<group>"; };
		803BAC2E29BFA6EE00FFAB1C /* libDxFeedGraalNativeApi.o */ = {isa = PBXFileReference; lastKnownFileType = "compiled.mach-o.objfile"; name = libDxFeedGraalNativeApi.o; path = graal_builds/ios/libDxFeedGraalNativeApi.o; sourceTree = "<group>"; };
/* End PBXFileReference section */

/* Begin PBXFrameworksBuildPhase section */
		803BAC0A29BFA50700FFAB1C /* Frameworks */ = {
			isa = PBXFrameworksBuildPhase;
			buildActionMask = 2147483647;
			files = (
				803BAC2F29BFA6FA00FFAB1C /* libDxFeedGraalNativeApi.o in Frameworks */,
				803BAC2B29BFA69A00FFAB1C /* libc++.tbd in Frameworks */,
				803BAC3129BFA6FA00FFAB1C /* graal-svm-arm64-ios-r.a in Frameworks */,
				803BAC2729BFA67C00FFAB1C /* libDxFeedGraalNativeApi.dylib in Frameworks */,
				803BAC3029BFA6FA00FFAB1C /* jdk-arm64-ios-r.a in Frameworks */,
			);
			runOnlyForDeploymentPostprocessing = 0;
		};
		803BAC1229BFA50700FFAB1C /* Frameworks */ = {
			isa = PBXFrameworksBuildPhase;
			buildActionMask = 2147483647;
			files = (
				803BAC1629BFA50700FFAB1C /* DxFeedSwiftFramework.framework in Frameworks */,
			);
			runOnlyForDeploymentPostprocessing = 0;
		};
/* End PBXFrameworksBuildPhase section */

/* Begin PBXGroup section */
		803BAC0329BFA50700FFAB1C = {
			isa = PBXGroup;
			children = (
				803BAC0F29BFA50700FFAB1C /* DxFeedSwiftFramework */,
				803BAC1929BFA50700FFAB1C /* DxFeedSwiftFrameworkTests */,
				803BAC0E29BFA50700FFAB1C /* Products */,
				803BAC2529BFA67C00FFAB1C /* Frameworks */,
			);
			sourceTree = "<group>";
		};
		803BAC0E29BFA50700FFAB1C /* Products */ = {
			isa = PBXGroup;
			children = (
				803BAC0D29BFA50700FFAB1C /* DxFeedSwiftFramework.framework */,
				803BAC1529BFA50700FFAB1C /* DxFeedSwiftFrameworkTests.xctest */,
			);
			name = Products;
			sourceTree = "<group>";
		};
		803BAC0F29BFA50700FFAB1C /* DxFeedSwiftFramework */ = {
			isa = PBXGroup;
			children = (
				803BAC1029BFA50700FFAB1C /* DxFeedSwiftFramework.h */,
			);
			path = DxFeedSwiftFramework;
			sourceTree = "<group>";
		};
		803BAC1929BFA50700FFAB1C /* DxFeedSwiftFrameworkTests */ = {
			isa = PBXGroup;
			children = (
				803BAC1A29BFA50700FFAB1C /* DxFeedSwiftFrameworkTests.swift */,
			);
			path = DxFeedSwiftFrameworkTests;
			sourceTree = "<group>";
		};
		803BAC2529BFA67C00FFAB1C /* Frameworks */ = {
			isa = PBXGroup;
			children = (
				803BAC2D29BFA6EE00FFAB1C /* graal-svm-arm64-ios-r.a */,
				803BAC2C29BFA6EE00FFAB1C /* jdk-arm64-ios-r.a */,
				803BAC2E29BFA6EE00FFAB1C /* libDxFeedGraalNativeApi.o */,
				803BAC2A29BFA69400FFAB1C /* libc++.tbd */,
				803BAC2629BFA67C00FFAB1C /* libDxFeedGraalNativeApi.dylib */,
			);
			name = Frameworks;
			sourceTree = "<group>";
		};
/* End PBXGroup section */

/* Begin PBXHeadersBuildPhase section */
		803BAC0829BFA50700FFAB1C /* Headers */ = {
			isa = PBXHeadersBuildPhase;
			buildActionMask = 2147483647;
			files = (
				803BAC1C29BFA50700FFAB1C /* DxFeedSwiftFramework.h in Headers */,
			);
			runOnlyForDeploymentPostprocessing = 0;
		};
/* End PBXHeadersBuildPhase section */

/* Begin PBXNativeTarget section */
		803BAC0C29BFA50700FFAB1C /* DxFeedSwiftFramework */ = {
			isa = PBXNativeTarget;
			buildConfigurationList = 803BAC1F29BFA50700FFAB1C /* Build configuration list for PBXNativeTarget "DxFeedSwiftFramework" */;
			buildPhases = (
				803BAC3229BFA9AD00FFAB1C /* Check graal libraries */,
				803BAC0829BFA50700FFAB1C /* Headers */,
				803BAC0929BFA50700FFAB1C /* Sources */,
				803BAC0A29BFA50700FFAB1C /* Frameworks */,
				803BAC0B29BFA50700FFAB1C /* Resources */,
				803BAC2929BFA67C00FFAB1C /* Embed Libraries */,
			);
			buildRules = (
			);
			dependencies = (
			);
			name = DxFeedSwiftFramework;
			productName = DxFeedSwiftFramework;
			productReference = 803BAC0D29BFA50700FFAB1C /* DxFeedSwiftFramework.framework */;
			productType = "com.apple.product-type.framework";
		};
		803BAC1429BFA50700FFAB1C /* DxFeedSwiftFrameworkTests */ = {
			isa = PBXNativeTarget;
			buildConfigurationList = 803BAC2229BFA50700FFAB1C /* Build configuration list for PBXNativeTarget "DxFeedSwiftFrameworkTests" */;
			buildPhases = (
				803BAC1129BFA50700FFAB1C /* Sources */,
				803BAC1229BFA50700FFAB1C /* Frameworks */,
				803BAC1329BFA50700FFAB1C /* Resources */,
			);
			buildRules = (
			);
			dependencies = (
				803BAC1829BFA50700FFAB1C /* PBXTargetDependency */,
			);
			name = DxFeedSwiftFrameworkTests;
			productName = DxFeedSwiftFrameworkTests;
			productReference = 803BAC1529BFA50700FFAB1C /* DxFeedSwiftFrameworkTests.xctest */;
			productType = "com.apple.product-type.bundle.unit-test";
		};
/* End PBXNativeTarget section */

/* Begin PBXProject section */
		803BAC0429BFA50700FFAB1C /* Project object */ = {
			isa = PBXProject;
			attributes = {
				BuildIndependentTargetsInParallel = 1;
				LastSwiftUpdateCheck = 1420;
				LastUpgradeCheck = 1420;
				TargetAttributes = {
					803BAC0C29BFA50700FFAB1C = {
						CreatedOnToolsVersion = 14.2;
					};
					803BAC1429BFA50700FFAB1C = {
						CreatedOnToolsVersion = 14.2;
					};
					803BAC3329BFAAE300FFAB1C = {
						CreatedOnToolsVersion = 14.2;
					};
				};
			};
			buildConfigurationList = 803BAC0729BFA50700FFAB1C /* Build configuration list for PBXProject "DxFeedSwiftFramework" */;
			compatibilityVersion = "Xcode 14.0";
			developmentRegion = en;
			hasScannedForEncodings = 0;
			knownRegions = (
				en,
				Base,
			);
			mainGroup = 803BAC0329BFA50700FFAB1C;
			productRefGroup = 803BAC0E29BFA50700FFAB1C /* Products */;
			projectDirPath = "";
			projectRoot = "";
			targets = (
				803BAC0C29BFA50700FFAB1C /* DxFeedSwiftFramework */,
				803BAC1429BFA50700FFAB1C /* DxFeedSwiftFrameworkTests */,
				803BAC3329BFAAE300FFAB1C /* XCFramework */,
			);
		};
/* End PBXProject section */

/* Begin PBXResourcesBuildPhase section */
		803BAC0B29BFA50700FFAB1C /* Resources */ = {
			isa = PBXResourcesBuildPhase;
			buildActionMask = 2147483647;
			files = (
			);
			runOnlyForDeploymentPostprocessing = 0;
		};
		803BAC1329BFA50700FFAB1C /* Resources */ = {
			isa = PBXResourcesBuildPhase;
			buildActionMask = 2147483647;
			files = (
			);
			runOnlyForDeploymentPostprocessing = 0;
		};
/* End PBXResourcesBuildPhase section */

/* Begin PBXShellScriptBuildPhase section */
		803BAC3229BFA9AD00FFAB1C /* Check graal libraries */ = {
			isa = PBXShellScriptBuildPhase;
			alwaysOutOfDate = 1;
			buildActionMask = 2147483647;
			files = (
			);
			inputFileListPaths = (
			);
			inputPaths = (
			);
			name = "Check graal libraries";
			outputFileListPaths = (
			);
			outputPaths = (
			);
			runOnlyForDeploymentPostprocessing = 0;
			shellPath = /bin/sh;
			shellScript = "if [ -d \"graal_builds\" ]; then\n    echo \"Grall builds are existing\"\n    if [ -d \"graal_builds/osx_universal\" ]; then\n        echo \"Graal is ready.\"\n    else \n        echo \"Create universal macOS lib\"\n        cp -r \"graal_builds/osx_x86\" \"graal_builds/temp\"\n        rm \"graal_builds/temp/libDxFeedGraalNativeApi.dylib\"\n        lipo \"graal_builds/osx_x86/libDxFeedGraalNativeApi.dylib\" \"graal_builds/osx_arm/libDxFeedGraalNativeApi.dylib\" -output \"graal_builds/temp/libDxFeedGraalNativeApi.dylib\" -create\n        mv \"graal_builds/temp\" \"graal_builds/osx_universal\"\n    fi\n    \nelse\n  echo \"Grall builds are not existing. Please download dependencies using gradle.\"\n  exit 1\nfi\n";
		};
		803BAC3729BFAAEC00FFAB1C /* Build XCFramework */ = {
			isa = PBXShellScriptBuildPhase;
			alwaysOutOfDate = 1;
			buildActionMask = 2147483647;
			files = (
			);
			inputFileListPaths = (
			);
			inputPaths = (
			);
			name = "Build XCFramework";
			outputFileListPaths = (
			);
			outputPaths = (
			);
			runOnlyForDeploymentPostprocessing = 0;
			shellPath = /bin/sh;
			shellScript = "rm -rf build\nxcodebuild archive \\\n-scheme DxFeedSwiftFramework \\\n-configuration Release \\\n-destination 'generic/platform=iOS' \\\n-archivePath './build/DxFeedSwiftFramework.framework-ios.xcarchive' \\\nSKIP_INSTALL=NO \\\nBUILD_LIBRARIES_FOR_DISTRIBUTION=YES\n\n\nxcodebuild archive \\\n-scheme DxFeedSwiftFramework \\\n-configuration Release \\\n-destination 'platform=macOS,arch=arm64' \\\n-archivePath './build/DxFeedSwiftFramework.framework-mac.xcarchive' \\\nSKIP_INSTALL=NO \\\nBUILD_LIBRARIES_FOR_DISTRIBUTION=YES\n\nxcodebuild -create-xcframework \\\n-framework './build/DxFeedSwiftFramework.framework-ios.xcarchive/Products/Library/Frameworks/DxFeedSwiftFramework.framework' \\\n-framework './build/DxFeedSwiftFramework.framework-mac.xcarchive/Products/Library/Frameworks/DxFeedSwiftFramework.framework' \\\n-output './build/DxFeedSwiftFramework.xcframework'\n";
		};
/* End PBXShellScriptBuildPhase section */

/* Begin PBXSourcesBuildPhase section */
		803BAC0929BFA50700FFAB1C /* Sources */ = {
			isa = PBXSourcesBuildPhase;
			buildActionMask = 2147483647;
			files = (
			);
			runOnlyForDeploymentPostprocessing = 0;
		};
		803BAC1129BFA50700FFAB1C /* Sources */ = {
			isa = PBXSourcesBuildPhase;
			buildActionMask = 2147483647;
			files = (
				803BAC1B29BFA50700FFAB1C /* DxFeedSwiftFrameworkTests.swift in Sources */,
			);
			runOnlyForDeploymentPostprocessing = 0;
		};
/* End PBXSourcesBuildPhase section */

/* Begin PBXTargetDependency section */
		803BAC1829BFA50700FFAB1C /* PBXTargetDependency */ = {
			isa = PBXTargetDependency;
			target = 803BAC0C29BFA50700FFAB1C /* DxFeedSwiftFramework */;
			targetProxy = 803BAC1729BFA50700FFAB1C /* PBXContainerItemProxy */;
		};
/* End PBXTargetDependency section */

/* Begin XCBuildConfiguration section */
		803BAC1D29BFA50700FFAB1C /* Debug */ = {
			isa = XCBuildConfiguration;
			buildSettings = {
				ALWAYS_SEARCH_USER_PATHS = NO;
				CLANG_ANALYZER_NONNULL = YES;
				CLANG_ANALYZER_NUMBER_OBJECT_CONVERSION = YES_AGGRESSIVE;
				CLANG_CXX_LANGUAGE_STANDARD = "gnu++20";
				CLANG_ENABLE_MODULES = YES;
				CLANG_ENABLE_OBJC_ARC = YES;
				CLANG_ENABLE_OBJC_WEAK = YES;
				CLANG_WARN_BLOCK_CAPTURE_AUTORELEASING = YES;
				CLANG_WARN_BOOL_CONVERSION = YES;
				CLANG_WARN_COMMA = YES;
				CLANG_WARN_CONSTANT_CONVERSION = YES;
				CLANG_WARN_DEPRECATED_OBJC_IMPLEMENTATIONS = YES;
				CLANG_WARN_DIRECT_OBJC_ISA_USAGE = YES_ERROR;
				CLANG_WARN_DOCUMENTATION_COMMENTS = YES;
				CLANG_WARN_EMPTY_BODY = YES;
				CLANG_WARN_ENUM_CONVERSION = YES;
				CLANG_WARN_INFINITE_RECURSION = YES;
				CLANG_WARN_INT_CONVERSION = YES;
				CLANG_WARN_NON_LITERAL_NULL_CONVERSION = YES;
				CLANG_WARN_OBJC_IMPLICIT_RETAIN_SELF = YES;
				CLANG_WARN_OBJC_LITERAL_CONVERSION = YES;
				CLANG_WARN_OBJC_ROOT_CLASS = YES_ERROR;
				CLANG_WARN_QUOTED_INCLUDE_IN_FRAMEWORK_HEADER = YES;
				CLANG_WARN_RANGE_LOOP_ANALYSIS = YES;
				CLANG_WARN_STRICT_PROTOTYPES = YES;
				CLANG_WARN_SUSPICIOUS_MOVE = YES;
				CLANG_WARN_UNGUARDED_AVAILABILITY = YES_AGGRESSIVE;
				CLANG_WARN_UNREACHABLE_CODE = YES;
				CLANG_WARN__DUPLICATE_METHOD_MATCH = YES;
				COPY_PHASE_STRIP = NO;
				CURRENT_PROJECT_VERSION = 1;
				DEBUG_INFORMATION_FORMAT = dwarf;
				ENABLE_STRICT_OBJC_MSGSEND = YES;
				ENABLE_TESTABILITY = YES;
				GCC_C_LANGUAGE_STANDARD = gnu11;
				GCC_DYNAMIC_NO_PIC = NO;
				GCC_NO_COMMON_BLOCKS = YES;
				GCC_OPTIMIZATION_LEVEL = 0;
				GCC_PREPROCESSOR_DEFINITIONS = (
					"DEBUG=1",
					"$(inherited)",
				);
				GCC_WARN_64_TO_32_BIT_CONVERSION = YES;
				GCC_WARN_ABOUT_RETURN_TYPE = YES_ERROR;
				GCC_WARN_UNDECLARED_SELECTOR = YES;
				GCC_WARN_UNINITIALIZED_AUTOS = YES_AGGRESSIVE;
				GCC_WARN_UNUSED_FUNCTION = YES;
				GCC_WARN_UNUSED_VARIABLE = YES;
				MTL_ENABLE_DEBUG_INFO = INCLUDE_SOURCE;
				MTL_FAST_MATH = YES;
				ONLY_ACTIVE_ARCH = YES;
				SWIFT_ACTIVE_COMPILATION_CONDITIONS = DEBUG;
				SWIFT_OPTIMIZATION_LEVEL = "-Onone";
				VERSIONING_SYSTEM = "apple-generic";
				VERSION_INFO_PREFIX = "";
			};
			name = Debug;
		};
		803BAC1E29BFA50700FFAB1C /* Release */ = {
			isa = XCBuildConfiguration;
			buildSettings = {
				ALWAYS_SEARCH_USER_PATHS = NO;
				CLANG_ANALYZER_NONNULL = YES;
				CLANG_ANALYZER_NUMBER_OBJECT_CONVERSION = YES_AGGRESSIVE;
				CLANG_CXX_LANGUAGE_STANDARD = "gnu++20";
				CLANG_ENABLE_MODULES = YES;
				CLANG_ENABLE_OBJC_ARC = YES;
				CLANG_ENABLE_OBJC_WEAK = YES;
				CLANG_WARN_BLOCK_CAPTURE_AUTORELEASING = YES;
				CLANG_WARN_BOOL_CONVERSION = YES;
				CLANG_WARN_COMMA = YES;
				CLANG_WARN_CONSTANT_CONVERSION = YES;
				CLANG_WARN_DEPRECATED_OBJC_IMPLEMENTATIONS = YES;
				CLANG_WARN_DIRECT_OBJC_ISA_USAGE = YES_ERROR;
				CLANG_WARN_DOCUMENTATION_COMMENTS = YES;
				CLANG_WARN_EMPTY_BODY = YES;
				CLANG_WARN_ENUM_CONVERSION = YES;
				CLANG_WARN_INFINITE_RECURSION = YES;
				CLANG_WARN_INT_CONVERSION = YES;
				CLANG_WARN_NON_LITERAL_NULL_CONVERSION = YES;
				CLANG_WARN_OBJC_IMPLICIT_RETAIN_SELF = YES;
				CLANG_WARN_OBJC_LITERAL_CONVERSION = YES;
				CLANG_WARN_OBJC_ROOT_CLASS = YES_ERROR;
				CLANG_WARN_QUOTED_INCLUDE_IN_FRAMEWORK_HEADER = YES;
				CLANG_WARN_RANGE_LOOP_ANALYSIS = YES;
				CLANG_WARN_STRICT_PROTOTYPES = YES;
				CLANG_WARN_SUSPICIOUS_MOVE = YES;
				CLANG_WARN_UNGUARDED_AVAILABILITY = YES_AGGRESSIVE;
				CLANG_WARN_UNREACHABLE_CODE = YES;
				CLANG_WARN__DUPLICATE_METHOD_MATCH = YES;
				COPY_PHASE_STRIP = NO;
				CURRENT_PROJECT_VERSION = 1;
				DEBUG_INFORMATION_FORMAT = "dwarf-with-dsym";
				ENABLE_NS_ASSERTIONS = NO;
				ENABLE_STRICT_OBJC_MSGSEND = YES;
				GCC_C_LANGUAGE_STANDARD = gnu11;
				GCC_NO_COMMON_BLOCKS = YES;
				GCC_WARN_64_TO_32_BIT_CONVERSION = YES;
				GCC_WARN_ABOUT_RETURN_TYPE = YES_ERROR;
				GCC_WARN_UNDECLARED_SELECTOR = YES;
				GCC_WARN_UNINITIALIZED_AUTOS = YES_AGGRESSIVE;
				GCC_WARN_UNUSED_FUNCTION = YES;
				GCC_WARN_UNUSED_VARIABLE = YES;
				MTL_ENABLE_DEBUG_INFO = NO;
				MTL_FAST_MATH = YES;
				SWIFT_COMPILATION_MODE = wholemodule;
				SWIFT_OPTIMIZATION_LEVEL = "-O";
				VERSIONING_SYSTEM = "apple-generic";
				VERSION_INFO_PREFIX = "";
			};
			name = Release;
		};
		803BAC2029BFA50700FFAB1C /* Debug */ = {
			isa = XCBuildConfiguration;
			buildSettings = {
				CODE_SIGN_STYLE = Automatic;
				CURRENT_PROJECT_VERSION = 1;
				DEFINES_MODULE = YES;
				DEVELOPMENT_TEAM = NU75WFM6U6;
				DYLIB_COMPATIBILITY_VERSION = 1;
				DYLIB_CURRENT_VERSION = 1;
				DYLIB_INSTALL_NAME_BASE = "@rpath";
				GENERATE_INFOPLIST_FILE = YES;
				INFOPLIST_KEY_NSHumanReadableCopyright = "";
				INSTALL_PATH = "$(LOCAL_LIBRARY_DIR)/Frameworks";
				IPHONEOS_DEPLOYMENT_TARGET = 16.2;
				LD_RUNPATH_SEARCH_PATHS = (
					"@executable_path/Frameworks",
					"@loader_path/Frameworks",
				);
				"LD_RUNPATH_SEARCH_PATHS[sdk=macosx*]" = (
					"@executable_path/../Frameworks",
					"@loader_path/Frameworks",
				);
				LIBRARY_SEARCH_PATHS = (
					"$(inherited)",
					"$(PROJECT_DIR)/graal_builds/osx_universal",
					"$(PROJECT_DIR)/graal_builds/ios",
				);
				MACOSX_DEPLOYMENT_TARGET = 13.1;
				MARKETING_VERSION = 1.0;
				PRODUCT_BUNDLE_IDENTIFIER = com.dxf.DxFeedSwiftFramework;
				PRODUCT_NAME = "$(TARGET_NAME:c99extidentifier)";
				SDKROOT = auto;
				SKIP_INSTALL = YES;
				SUPPORTED_PLATFORMS = "iphoneos iphonesimulator macosx";
				SWIFT_EMIT_LOC_STRINGS = YES;
				SWIFT_VERSION = 5.0;
				TARGETED_DEVICE_FAMILY = "1,2";
			};
			name = Debug;
		};
		803BAC2129BFA50700FFAB1C /* Release */ = {
			isa = XCBuildConfiguration;
			buildSettings = {
				CODE_SIGN_STYLE = Automatic;
				CURRENT_PROJECT_VERSION = 1;
				DEFINES_MODULE = YES;
				DEVELOPMENT_TEAM = NU75WFM6U6;
				DYLIB_COMPATIBILITY_VERSION = 1;
				DYLIB_CURRENT_VERSION = 1;
				DYLIB_INSTALL_NAME_BASE = "@rpath";
				GENERATE_INFOPLIST_FILE = YES;
				INFOPLIST_KEY_NSHumanReadableCopyright = "";
				INSTALL_PATH = "$(LOCAL_LIBRARY_DIR)/Frameworks";
				IPHONEOS_DEPLOYMENT_TARGET = 16.2;
				LD_RUNPATH_SEARCH_PATHS = (
					"@executable_path/Frameworks",
					"@loader_path/Frameworks",
				);
				"LD_RUNPATH_SEARCH_PATHS[sdk=macosx*]" = (
					"@executable_path/../Frameworks",
					"@loader_path/Frameworks",
				);
				LIBRARY_SEARCH_PATHS = (
					"$(inherited)",
					"$(PROJECT_DIR)/graal_builds/osx_universal",
					"$(PROJECT_DIR)/graal_builds/ios",
				);
				MACOSX_DEPLOYMENT_TARGET = 13.1;
				MARKETING_VERSION = 1.0;
				PRODUCT_BUNDLE_IDENTIFIER = com.dxf.DxFeedSwiftFramework;
				PRODUCT_NAME = "$(TARGET_NAME:c99extidentifier)";
				SDKROOT = auto;
				SKIP_INSTALL = YES;
				SUPPORTED_PLATFORMS = "iphoneos iphonesimulator macosx";
				SWIFT_EMIT_LOC_STRINGS = YES;
				SWIFT_VERSION = 5.0;
				TARGETED_DEVICE_FAMILY = "1,2";
			};
			name = Release;
		};
		803BAC2329BFA50700FFAB1C /* Debug */ = {
			isa = XCBuildConfiguration;
			buildSettings = {
				CODE_SIGN_STYLE = Automatic;
				CURRENT_PROJECT_VERSION = 1;
				DEVELOPMENT_TEAM = NU75WFM6U6;
				GENERATE_INFOPLIST_FILE = YES;
				IPHONEOS_DEPLOYMENT_TARGET = 16.2;
				MACOSX_DEPLOYMENT_TARGET = 13.1;
				MARKETING_VERSION = 1.0;
				PRODUCT_BUNDLE_IDENTIFIER = com.dxf.DxFeedSwiftFrameworkTests;
				PRODUCT_NAME = "$(TARGET_NAME)";
				SDKROOT = auto;
				SUPPORTED_PLATFORMS = "iphoneos iphonesimulator macosx";
				SWIFT_EMIT_LOC_STRINGS = NO;
				SWIFT_VERSION = 5.0;
				TARGETED_DEVICE_FAMILY = "1,2";
			};
			name = Debug;
		};
		803BAC2429BFA50700FFAB1C /* Release */ = {
			isa = XCBuildConfiguration;
			buildSettings = {
				CODE_SIGN_STYLE = Automatic;
				CURRENT_PROJECT_VERSION = 1;
				DEVELOPMENT_TEAM = NU75WFM6U6;
				GENERATE_INFOPLIST_FILE = YES;
				IPHONEOS_DEPLOYMENT_TARGET = 16.2;
				MACOSX_DEPLOYMENT_TARGET = 13.1;
				MARKETING_VERSION = 1.0;
				PRODUCT_BUNDLE_IDENTIFIER = com.dxf.DxFeedSwiftFrameworkTests;
				PRODUCT_NAME = "$(TARGET_NAME)";
				SDKROOT = auto;
				SUPPORTED_PLATFORMS = "iphoneos iphonesimulator macosx";
				SWIFT_EMIT_LOC_STRINGS = NO;
				SWIFT_VERSION = 5.0;
				TARGETED_DEVICE_FAMILY = "1,2";
			};
			name = Release;
		};
		803BAC3529BFAAE300FFAB1C /* Debug */ = {
			isa = XCBuildConfiguration;
			buildSettings = {
				CODE_SIGN_STYLE = Automatic;
				DEVELOPMENT_TEAM = NU75WFM6U6;
				PRODUCT_NAME = "$(TARGET_NAME)";
			};
			name = Debug;
		};
		803BAC3629BFAAE300FFAB1C /* Release */ = {
			isa = XCBuildConfiguration;
			buildSettings = {
				CODE_SIGN_STYLE = Automatic;
				DEVELOPMENT_TEAM = NU75WFM6U6;
				PRODUCT_NAME = "$(TARGET_NAME)";
			};
			name = Release;
		};
/* End XCBuildConfiguration section */

/* Begin XCConfigurationList section */
		803BAC0729BFA50700FFAB1C /* Build configuration list for PBXProject "DxFeedSwiftFramework" */ = {
			isa = XCConfigurationList;
			buildConfigurations = (
				803BAC1D29BFA50700FFAB1C /* Debug */,
				803BAC1E29BFA50700FFAB1C /* Release */,
			);
			defaultConfigurationIsVisible = 0;
			defaultConfigurationName = Release;
		};
		803BAC1F29BFA50700FFAB1C /* Build configuration list for PBXNativeTarget "DxFeedSwiftFramework" */ = {
			isa = XCConfigurationList;
			buildConfigurations = (
				803BAC2029BFA50700FFAB1C /* Debug */,
				803BAC2129BFA50700FFAB1C /* Release */,
			);
			defaultConfigurationIsVisible = 0;
			defaultConfigurationName = Release;
		};
		803BAC2229BFA50700FFAB1C /* Build configuration list for PBXNativeTarget "DxFeedSwiftFrameworkTests" */ = {
			isa = XCConfigurationList;
			buildConfigurations = (
				803BAC2329BFA50700FFAB1C /* Debug */,
				803BAC2429BFA50700FFAB1C /* Release */,
			);
			defaultConfigurationIsVisible = 0;
			defaultConfigurationName = Release;
		};
		803BAC3429BFAAE300FFAB1C /* Build configuration list for PBXAggregateTarget "XCFramework" */ = {
			isa = XCConfigurationList;
			buildConfigurations = (
				803BAC3529BFAAE300FFAB1C /* Debug */,
				803BAC3629BFAAE300FFAB1C /* Release */,
			);
			defaultConfigurationIsVisible = 0;
			defaultConfigurationName = Release;
		};
/* End XCConfigurationList section */
	};
	rootObject = 803BAC0429BFA50700FFAB1C /* Project object */;
}
