<?xml version="1.0" encoding="UTF-8"?>
<Scheme
   LastUpgradeVersion = "1430"
   version = "1.7">
   <BuildAction
      parallelizeBuildables = "YES"
      buildImplicitDependencies = "YES">
      <BuildActionEntries>
         <BuildActionEntry
            buildForTesting = "YES"
            buildForRunning = "YES"
            buildForProfiling = "YES"
            buildForArchiving = "YES"
            buildForAnalyzing = "YES">
            <BuildableReference
               BuildableIdentifier = "primary"
               BlueprintIdentifier = "64148B632ABB5C320063110E"
               BuildableName = "Tools"
               BlueprintName = "Tools"
               ReferencedContainer = "container:DXFeedFramework.xcodeproj">
            </BuildableReference>
         </BuildActionEntry>
      </BuildActionEntries>
   </BuildAction>
   <TestAction
      buildConfiguration = "Debug"
      selectedDebuggerIdentifier = "Xcode.DebuggerFoundation.Debugger.LLDB"
      selectedLauncherIdentifier = "Xcode.DebuggerFoundation.Launcher.LLDB"
      shouldUseLaunchSchemeArgsEnv = "YES"
      shouldAutocreateTestPlan = "YES">
   </TestAction>
   <LaunchAction
      buildConfiguration = "Release"
      selectedDebuggerIdentifier = "Xcode.DebuggerFoundation.Debugger.LLDB"
      selectedLauncherIdentifier = "Xcode.DebuggerFoundation.Launcher.LLDB"
      launchStyle = "0"
      useCustomWorkingDirectory = "NO"
      ignoresPersistentStateOnLaunch = "NO"
      debugDocumentVersioning = "YES"
      debugServiceExtension = "internal"
      allowLocationSimulation = "YES"
      viewDebuggingEnabled = "No">
      <BuildableProductRunnable
         runnableDebuggingMode = "0">
         <BuildableReference
            BuildableIdentifier = "primary"
            BlueprintIdentifier = "64148B632ABB5C320063110E"
            BuildableName = "Tools"
            BlueprintName = "Tools"
            ReferencedContainer = "container:DXFeedFramework.xcodeproj">
         </BuildableReference>
      </BuildableProductRunnable>
      <CommandLineArguments>
         <CommandLineArgument
            argument = "PerfTest  localhost:6666 TimeAndSale YQKNT"
            isEnabled = "NO">
         </CommandLineArgument>
         <CommandLineArgument
            argument = "ScheduleSample"
            isEnabled = "NO">
         </CommandLineArgument>
         <CommandLineArgument
            argument = "DXFeedIpfConnect Quote https://demo:demo@tools.dxfeed.com/ipf"
         </CommandLineArgument>
         <CommandLineArgument
            argument = "ScheduleSample  schedule.zip  sample.ipf.zip  AAPL 2012-05-26-14:15:00"
            isEnabled = "NO">
         </CommandLineArgument>
         <CommandLineArgument
            argument = "DXFeedLiveIpfSample https://demo:demo@tools.dxfeed.com/ipf"
            isEnabled = "NO">
         </CommandLineArgument>
         <CommandLineArgument
            argument = "Connect demo.dxfeed.com:7300 Quote &quot;ipf[https://demo:demo@tools.dxfeed.com/ipf?TYPE=STOCK&amp;compression=zip],APPL&quot;"
            isEnabled = "NO">
         </CommandLineArgument>
         <CommandLineArgument
            argument = "Connect demo.dxfeed.com:7300 quote AAPL,IBM"
            isEnabled = "NO">
         </CommandLineArgument>
         <CommandLineArgument
            argument = " Dump demo.dxfeed.com:7300 timeandsale,quote,profile,order,trade IBM,AAPL,ETH/USD:GDAX -p dxfeed.wildcard.enable=true,one_more_prop=abc -t test_tape_ios.txt[format=text] -q"
            isEnabled = "NO">
         </CommandLineArgument>
         <CommandLineArgument
            argument = " Dump localhost:6666 TimeAndSale all -p dxfeed.wildcard.enable=true,one_more_prop=abc -t test_tape_ios.txt[format=text] -q"
            isEnabled = "NO">
         </CommandLineArgument>
         <CommandLineArgument
            argument = "Dump tapeK2.tape[speed=max] all all -q -t ios_tapeK2.tape"
            isEnabled = "YES">
         </CommandLineArgument>
         <CommandLineArgument
            argument = "LatencyTest mddqa.in.devexperts.com:7400 TimeAndSale ETH/USD:GDAX"
            isEnabled = "NO">
         </CommandLineArgument>
      </CommandLineArguments>
   </LaunchAction>
   <ProfileAction
      buildConfiguration = "Release"
      shouldUseLaunchSchemeArgsEnv = "YES"
      savedToolIdentifier = ""
      useCustomWorkingDirectory = "NO"
      debugDocumentVersioning = "YES">
      <BuildableProductRunnable
         runnableDebuggingMode = "0">
         <BuildableReference
            BuildableIdentifier = "primary"
            BlueprintIdentifier = "64148B632ABB5C320063110E"
            BuildableName = "Tools"
            BlueprintName = "Tools"
            ReferencedContainer = "container:DXFeedFramework.xcodeproj">
         </BuildableReference>
      </BuildableProductRunnable>
   </ProfileAction>
   <AnalyzeAction
      buildConfiguration = "Debug">
   </AnalyzeAction>
   <ArchiveAction
      buildConfiguration = "Release"
      revealArchiveInOrganizer = "YES">
   </ArchiveAction>
</Scheme>
