// !$*UTF8*$!
{
	archiveVersion = 1;
	classes = {
	};
	objectVersion = 56;
	objects = {

/* Begin PBXAggregateTarget section */
		80ADEA1D29898AB400F9E116 /* XCFramework */ = {
			isa = PBXAggregateTarget;
			buildConfigurationList = 80ADEA2029898AB400F9E116 /* Build configuration list for PBXAggregateTarget "XCFramework" */;
			buildPhases = (
				80ADEA2129898AC800F9E116 /* Build XCFramework */,
			);
			dependencies = (
			);
			name = XCFramework;
			productName = XCFramework;
		};
/* End PBXAggregateTarget section */

/* Begin PBXBuildFile section */
		803C60D129A2819E00102B65 /* DxFPublisher.h in Headers */ = {isa = PBXBuildFile; fileRef = 803C60CF29A2819E00102B65 /* DxFPublisher.h */; settings = {ATTRIBUTES = (Public, ); }; };
		803C60D229A2819E00102B65 /* DxFPublisher.m in Sources */ = {isa = PBXBuildFile; fileRef = 803C60D029A2819E00102B65 /* DxFPublisher.m */; };
		803C60D929A28AF200102B65 /* DxFPublisherConnection.h in Headers */ = {isa = PBXBuildFile; fileRef = 803C60D729A28AF200102B65 /* DxFPublisherConnection.h */; settings = {ATTRIBUTES = (Public, ); }; };
		803C60DA29A28AF200102B65 /* DxFPublisherConnection.m in Sources */ = {isa = PBXBuildFile; fileRef = 803C60D829A28AF200102B65 /* DxFPublisherConnection.m */; };
		803C60DC29A2938F00102B65 /* PublishTest.swift in Sources */ = {isa = PBXBuildFile; fileRef = 803C60D529A2867F00102B65 /* PublishTest.swift */; };
		803C618529A50C0500102B65 /* DXFTimeSale+Private.h in Headers */ = {isa = PBXBuildFile; fileRef = 803C618429A50C0500102B65 /* DXFTimeSale+Private.h */; };
		805B92BF29997045001F9F4C /* DxFSubscription.h in Headers */ = {isa = PBXBuildFile; fileRef = 805B92BD29997045001F9F4C /* DxFSubscription.h */; settings = {ATTRIBUTES = (Public, ); }; };
		805B92C029997045001F9F4C /* DxFSubscription.m in Sources */ = {isa = PBXBuildFile; fileRef = 805B92BE29997045001F9F4C /* DxFSubscription.m */; };
		805B92C2299A8846001F9F4C /* DxFFeed+Graal.h in Headers */ = {isa = PBXBuildFile; fileRef = 805B92C1299A8846001F9F4C /* DxFFeed+Graal.h */; };
		805B92F5299AB61F001F9F4C /* DxFSubscriptionListener.h in Headers */ = {isa = PBXBuildFile; fileRef = 805B92F4299AB61F001F9F4C /* DxFSubscriptionListener.h */; settings = {ATTRIBUTES = (Public, ); }; };
		805E8B85298AC6BA00C2A6FA /* DxFConnection.h in Headers */ = {isa = PBXBuildFile; fileRef = 805E8B83298AC6BA00C2A6FA /* DxFConnection.h */; settings = {ATTRIBUTES = (Public, ); }; };
		805E8B86298AC6BA00C2A6FA /* DxFConnection.m in Sources */ = {isa = PBXBuildFile; fileRef = 805E8B84298AC6BA00C2A6FA /* DxFConnection.m */; };
		805E8B89298AC9FA00C2A6FA /* Logger.h in Headers */ = {isa = PBXBuildFile; fileRef = 805E8B87298AC9FA00C2A6FA /* Logger.h */; };
		805E8B8A298AC9FA00C2A6FA /* Logger.m in Sources */ = {isa = PBXBuildFile; fileRef = 805E8B88298AC9FA00C2A6FA /* Logger.m */; };
		805E8B8D298AD10200C2A6FA /* NSString+CString.h in Headers */ = {isa = PBXBuildFile; fileRef = 805E8B8B298AD10200C2A6FA /* NSString+CString.h */; };
		805E8B8E298AD10200C2A6FA /* NSString+CString.m in Sources */ = {isa = PBXBuildFile; fileRef = 805E8B8C298AD10200C2A6FA /* NSString+CString.m */; };
		809E25DB29B114BD00AD5D27 /* main.swift in Sources */ = {isa = PBXBuildFile; fileRef = 809E25DA29B114BD00AD5D27 /* main.swift */; };
		809E25E129B1199700AD5D27 /* DxFeedFramework.framework in Frameworks */ = {isa = PBXBuildFile; fileRef = 80A3BBDB2986ABB600501E11 /* DxFeedFramework.framework */; };
		809E25E229B1199700AD5D27 /* DxFeedFramework.framework in Embed Frameworks */ = {isa = PBXBuildFile; fileRef = 80A3BBDB2986ABB600501E11 /* DxFeedFramework.framework */; settings = {ATTRIBUTES = (CodeSignOnCopy, RemoveHeadersOnCopy, ); }; };
		809E25E729B6663000AD5D27 /* libc++.tbd in Frameworks */ = {isa = PBXBuildFile; fileRef = 809E25E629B665F400AD5D27 /* libc++.tbd */; };
		80A3BBE42986ABB600501E11 /* DxFeedFramework.framework in Frameworks */ = {isa = PBXBuildFile; fileRef = 80A3BBDB2986ABB600501E11 /* DxFeedFramework.framework */; };
		80A3BBEA2986ABB600501E11 /* DxFeedFramework.h in Headers */ = {isa = PBXBuildFile; fileRef = 80A3BBDE2986ABB600501E11 /* DxFeedFramework.h */; settings = {ATTRIBUTES = (Public, ); }; };
		80ADEA142989846200F9E116 /* libDxFeedGraalNativeApi.dylib in Frameworks */ = {isa = PBXBuildFile; fileRef = 80ADEA132989846200F9E116 /* libDxFeedGraalNativeApi.dylib */; platformFilters = (macos, ); };
		80ADEA152989846200F9E116 /* libDxFeedGraalNativeApi.dylib in Embed Libraries */ = {isa = PBXBuildFile; fileRef = 80ADEA132989846200F9E116 /* libDxFeedGraalNativeApi.dylib */; platformFilters = (macos, ); settings = {ATTRIBUTES = (CodeSignOnCopy, ); }; };
		80ADEA172989850300F9E116 /* graal-svm-arm64-ios-r.a in Frameworks */ = {isa = PBXBuildFile; fileRef = 80ADEA122989845000F9E116 /* graal-svm-arm64-ios-r.a */; platformFilter = ios; };
		80ADEA182989850300F9E116 /* jdk-arm64-ios-r.a in Frameworks */ = {isa = PBXBuildFile; fileRef = 80ADEA102989845000F9E116 /* jdk-arm64-ios-r.a */; platformFilter = ios; };
		80ADEA192989850300F9E116 /* libDxFeedGraalNativeApi.o in Frameworks */ = {isa = PBXBuildFile; fileRef = 80ADEA112989845000F9E116 /* libDxFeedGraalNativeApi.o */; platformFilter = ios; };
		80BB67DA298FE6BC0049521F /* DxFEventQuote.h in Headers */ = {isa = PBXBuildFile; fileRef = 80BB67D8298FE6BC0049521F /* DxFEventQuote.h */; settings = {ATTRIBUTES = (Public, ); }; };
		80BB67DB298FE6BC0049521F /* DxFEventQuote.m in Sources */ = {isa = PBXBuildFile; fileRef = 80BB67D9298FE6BC0049521F /* DxFEventQuote.m */; };
		80BB67E7298FEC610049521F /* DXFEventQuote+Private.h in Headers */ = {isa = PBXBuildFile; fileRef = 80BB67E6298FEC610049521F /* DXFEventQuote+Private.h */; };
		80BB67EC299132F20049521F /* DxFEvent.h in Headers */ = {isa = PBXBuildFile; fileRef = 80BB67EA299132F20049521F /* DxFEvent.h */; settings = {ATTRIBUTES = (Public, ); }; };
		80BB67ED299132F20049521F /* DxFEvent.m in Sources */ = {isa = PBXBuildFile; fileRef = 80BB67EB299132F20049521F /* DxFEvent.m */; };
		80BB67F1299139360049521F /* DxFTimeSale.h in Headers */ = {isa = PBXBuildFile; fileRef = 80BB67EF299139360049521F /* DxFTimeSale.h */; settings = {ATTRIBUTES = (Public, ); }; };
		80BB67F2299139360049521F /* DxFTimeSale.m in Sources */ = {isa = PBXBuildFile; fileRef = 80BB67F0299139360049521F /* DxFTimeSale.m */; };
		80BB67F329913AFF0049521F /* DxFEventType.h in Headers */ = {isa = PBXBuildFile; fileRef = 80BB67EE2991337C0049521F /* DxFEventType.h */; settings = {ATTRIBUTES = (Public, ); }; };
		80BB67F529913C820049521F /* DXFEvent+Private.h in Headers */ = {isa = PBXBuildFile; fileRef = 80BB67F429913C820049521F /* DXFEvent+Private.h */; };
		80BB67F829913DC70049521F /* DxFEventFabric.h in Headers */ = {isa = PBXBuildFile; fileRef = 80BB67F629913DC70049521F /* DxFEventFabric.h */; };
		80BB67F929913DC70049521F /* DxFEventFabric.m in Sources */ = {isa = PBXBuildFile; fileRef = 80BB67F729913DC70049521F /* DxFEventFabric.m */; };
		80E87C46298EA3EA0073BE36 /* DxFFeed.h in Headers */ = {isa = PBXBuildFile; fileRef = 80E87C44298EA3EA0073BE36 /* DxFFeed.h */; settings = {ATTRIBUTES = (Public, ); }; };
		80E87C47298EA3EA0073BE36 /* DxFFeed.m in Sources */ = {isa = PBXBuildFile; fileRef = 80E87C45298EA3EA0073BE36 /* DxFFeed.m */; };
		80E87C49298EA4160073BE36 /* DxFConnectionState.h in Sources */ = {isa = PBXBuildFile; fileRef = 80E87C48298EA4160073BE36 /* DxFConnectionState.h */; };
		80E87C4A298EA4B60073BE36 /* DxFConnectionState.h in Headers */ = {isa = PBXBuildFile; fileRef = 80E87C48298EA4160073BE36 /* DxFConnectionState.h */; settings = {ATTRIBUTES = (Public, ); }; };
		80E87C4E298EB34B0073BE36 /* DxFConnection+Graal.h in Headers */ = {isa = PBXBuildFile; fileRef = 80E87C4D298EB34B0073BE36 /* DxFConnection+Graal.h */; };
		80E87C51298EC56F0073BE36 /* DxFException.h in Headers */ = {isa = PBXBuildFile; fileRef = 80E87C4F298EC56F0073BE36 /* DxFException.h */; };
		80E87C52298EC56F0073BE36 /* DxFException.m in Sources */ = {isa = PBXBuildFile; fileRef = 80E87C50298EC56F0073BE36 /* DxFException.m */; };
		80E87C54298ED35A0073BE36 /* DxFConstants.h in Sources */ = {isa = PBXBuildFile; fileRef = 80E87C53298ED35A0073BE36 /* DxFConstants.h */; };
		80E87C56298ED3E40073BE36 /* DxFInternal.h in Sources */ = {isa = PBXBuildFile; fileRef = 80E87C55298ED3E40073BE36 /* DxFInternal.h */; };
		80E87C57298ED4290073BE36 /* DxFInternal.h in Headers */ = {isa = PBXBuildFile; fileRef = 80E87C55298ED3E40073BE36 /* DxFInternal.h */; };
		80FF1CEF2986B93E00AF70FE /* DxFSystem.h in Headers */ = {isa = PBXBuildFile; fileRef = 80A3BC042986B2B600501E11 /* DxFSystem.h */; settings = {ATTRIBUTES = (Public, ); }; };
		80FF1CF22986BC6700AF70FE /* DxFEnvironment.h in Headers */ = {isa = PBXBuildFile; fileRef = 80FF1CF02986BC6700AF70FE /* DxFEnvironment.h */; settings = {ATTRIBUTES = (Public, ); }; };
		80FF1CF52986BED500AF70FE /* DxFEnvironment+Graal.h in Headers */ = {isa = PBXBuildFile; fileRef = 80FF1CF42986BED500AF70FE /* DxFEnvironment+Graal.h */; };
		80FF1D0C2987E89D00AF70FE /* DxFSystem.m in Sources */ = {isa = PBXBuildFile; fileRef = 80A3BC032986B2B600501E11 /* DxFSystem.m */; };
		80FF1D0D2987E8A300AF70FE /* DxFEnvironment.m in Sources */ = {isa = PBXBuildFile; fileRef = 80FF1CF12986BC6700AF70FE /* DxFEnvironment.m */; };
/* End PBXBuildFile section */

/* Begin PBXContainerItemProxy section */
		809E25E329B1199700AD5D27 /* PBXContainerItemProxy */ = {
			isa = PBXContainerItemProxy;
			containerPortal = 80A3BBD22986ABB600501E11 /* Project object */;
			proxyType = 1;
			remoteGlobalIDString = 80A3BBDA2986ABB600501E11;
			remoteInfo = DXFFramework;
		};
		80A3BBE52986ABB600501E11 /* PBXContainerItemProxy */ = {
			isa = PBXContainerItemProxy;
			containerPortal = 80A3BBD22986ABB600501E11 /* Project object */;
			proxyType = 1;
			remoteGlobalIDString = 80A3BBDA2986ABB600501E11;
			remoteInfo = DXFeedFramework;
		};
/* End PBXContainerItemProxy section */

/* Begin PBXCopyFilesBuildPhase section */
		809E25D629B114BC00AD5D27 /* CopyFiles */ = {
			isa = PBXCopyFilesBuildPhase;
			buildActionMask = 2147483647;
			dstPath = /usr/share/man/man1/;
			dstSubfolderSpec = 0;
			files = (
			);
			runOnlyForDeploymentPostprocessing = 1;
		};
		809E25E529B1199700AD5D27 /* Embed Frameworks */ = {
			isa = PBXCopyFilesBuildPhase;
			buildActionMask = 2147483647;
			dstPath = "";
			dstSubfolderSpec = 10;
			files = (
				809E25E229B1199700AD5D27 /* DxFeedFramework.framework in Embed Frameworks */,
			);
			name = "Embed Frameworks";
			runOnlyForDeploymentPostprocessing = 0;
		};
		80ADEA162989846200F9E116 /* Embed Libraries */ = {
			isa = PBXCopyFilesBuildPhase;
			buildActionMask = 2147483647;
			dstPath = "";
			dstSubfolderSpec = 10;
			files = (
				80ADEA152989846200F9E116 /* libDxFeedGraalNativeApi.dylib in Embed Libraries */,
			);
			name = "Embed Libraries";
			runOnlyForDeploymentPostprocessing = 0;
		};
/* End PBXCopyFilesBuildPhase section */

/* Begin PBXFileReference section */
		803C60CF29A2819E00102B65 /* DxFPublisher.h */ = {isa = PBXFileReference; lastKnownFileType = sourcecode.c.h; path = DxFPublisher.h; sourceTree = "<group>"; };
		803C60D029A2819E00102B65 /* DxFPublisher.m */ = {isa = PBXFileReference; lastKnownFileType = sourcecode.c.objc; path = DxFPublisher.m; sourceTree = "<group>"; };
		803C60D529A2867F00102B65 /* PublishTest.swift */ = {isa = PBXFileReference; lastKnownFileType = sourcecode.swift; path = PublishTest.swift; sourceTree = "<group>"; };
		803C60D729A28AF200102B65 /* DxFPublisherConnection.h */ = {isa = PBXFileReference; lastKnownFileType = sourcecode.c.h; path = DxFPublisherConnection.h; sourceTree = "<group>"; };
		803C60D829A28AF200102B65 /* DxFPublisherConnection.m */ = {isa = PBXFileReference; lastKnownFileType = sourcecode.c.objc; path = DxFPublisherConnection.m; sourceTree = "<group>"; };
		803C618429A50C0500102B65 /* DXFTimeSale+Private.h */ = {isa = PBXFileReference; fileEncoding = 4; lastKnownFileType = sourcecode.c.h; path = "DXFTimeSale+Private.h"; sourceTree = "<group>"; };
		805B92BD29997045001F9F4C /* DxFSubscription.h */ = {isa = PBXFileReference; lastKnownFileType = sourcecode.c.h; path = DxFSubscription.h; sourceTree = "<group>"; };
		805B92BE29997045001F9F4C /* DxFSubscription.m */ = {isa = PBXFileReference; lastKnownFileType = sourcecode.c.objc; path = DxFSubscription.m; sourceTree = "<group>"; };
		805B92C1299A8846001F9F4C /* DxFFeed+Graal.h */ = {isa = PBXFileReference; lastKnownFileType = sourcecode.c.h; path = "DxFFeed+Graal.h"; sourceTree = "<group>"; };
		805B92F4299AB61F001F9F4C /* DxFSubscriptionListener.h */ = {isa = PBXFileReference; lastKnownFileType = sourcecode.c.h; path = DxFSubscriptionListener.h; sourceTree = "<group>"; };
		805B92F8299ABDD7001F9F4C /* TestListener.swift */ = {isa = PBXFileReference; lastKnownFileType = sourcecode.swift; path = TestListener.swift; sourceTree = "<group>"; };
		805E8B83298AC6BA00C2A6FA /* DxFConnection.h */ = {isa = PBXFileReference; lastKnownFileType = sourcecode.c.h; path = DxFConnection.h; sourceTree = "<group>"; };
		805E8B84298AC6BA00C2A6FA /* DxFConnection.m */ = {isa = PBXFileReference; lastKnownFileType = sourcecode.c.objc; path = DxFConnection.m; sourceTree = "<group>"; };
		805E8B87298AC9FA00C2A6FA /* Logger.h */ = {isa = PBXFileReference; lastKnownFileType = sourcecode.c.h; path = Logger.h; sourceTree = "<group>"; };
		805E8B88298AC9FA00C2A6FA /* Logger.m */ = {isa = PBXFileReference; lastKnownFileType = sourcecode.c.objc; path = Logger.m; sourceTree = "<group>"; };
		805E8B8B298AD10200C2A6FA /* NSString+CString.h */ = {isa = PBXFileReference; lastKnownFileType = sourcecode.c.h; path = "NSString+CString.h"; sourceTree = "<group>"; };
		805E8B8C298AD10200C2A6FA /* NSString+CString.m */ = {isa = PBXFileReference; lastKnownFileType = sourcecode.c.objc; path = "NSString+CString.m"; sourceTree = "<group>"; };
		809E25D829B114BC00AD5D27 /* PerfTest */ = {isa = PBXFileReference; explicitFileType = "compiled.mach-o.executable"; includeInIndex = 0; path = PerfTest; sourceTree = BUILT_PRODUCTS_DIR; };
		809E25DA29B114BD00AD5D27 /* main.swift */ = {isa = PBXFileReference; lastKnownFileType = sourcecode.swift; path = main.swift; sourceTree = "<group>"; };
		809E25E629B665F400AD5D27 /* libc++.tbd */ = {isa = PBXFileReference; lastKnownFileType = "sourcecode.text-based-dylib-definition"; name = "libc++.tbd"; path = "Platforms/iPhoneOS.platform/Developer/SDKs/iPhoneOS16.2.sdk/usr/lib/libc++.tbd"; sourceTree = DEVELOPER_DIR; };
		80A3BBDB2986ABB600501E11 /* DxFeedFramework.framework */ = {isa = PBXFileReference; explicitFileType = wrapper.framework; includeInIndex = 0; path = DxFeedFramework.framework; sourceTree = BUILT_PRODUCTS_DIR; };
		80A3BBDE2986ABB600501E11 /* DxFeedFramework.h */ = {isa = PBXFileReference; lastKnownFileType = sourcecode.c.h; path = DxFeedFramework.h; sourceTree = "<group>"; };
		80A3BBE32986ABB600501E11 /* DxFeedFrameworkTests.xctest */ = {isa = PBXFileReference; explicitFileType = wrapper.cfbundle; includeInIndex = 0; path = DxFeedFrameworkTests.xctest; sourceTree = BUILT_PRODUCTS_DIR; };
		80A3BBE82986ABB600501E11 /* DxFeedFrameworkTests.swift */ = {isa = PBXFileReference; lastKnownFileType = sourcecode.swift; path = DxFeedFrameworkTests.swift; sourceTree = "<group>"; };
		80A3BC032986B2B600501E11 /* DxFSystem.m */ = {isa = PBXFileReference; fileEncoding = 4; lastKnownFileType = sourcecode.c.objc; path = DxFSystem.m; sourceTree = "<group>"; };
		80A3BC042986B2B600501E11 /* DxFSystem.h */ = {isa = PBXFileReference; fileEncoding = 4; lastKnownFileType = sourcecode.c.h; path = DxFSystem.h; sourceTree = "<group>"; };
		80ADEA102989845000F9E116 /* jdk-arm64-ios-r.a */ = {isa = PBXFileReference; lastKnownFileType = archive.ar; name = "jdk-arm64-ios-r.a"; path = "graal_builds/ios/jdk-arm64-ios-r.a"; sourceTree = "<group>"; };
		80ADEA112989845000F9E116 /* libDxFeedGraalNativeApi.o */ = {isa = PBXFileReference; lastKnownFileType = "compiled.mach-o.objfile"; name = libDxFeedGraalNativeApi.o; path = graal_builds/ios/libDxFeedGraalNativeApi.o; sourceTree = "<group>"; };
		80ADEA122989845000F9E116 /* graal-svm-arm64-ios-r.a */ = {isa = PBXFileReference; lastKnownFileType = archive.ar; name = "graal-svm-arm64-ios-r.a"; path = "graal_builds/ios/graal-svm-arm64-ios-r.a"; sourceTree = "<group>"; };
		80ADEA132989846200F9E116 /* libDxFeedGraalNativeApi.dylib */ = {isa = PBXFileReference; lastKnownFileType = "compiled.mach-o.dylib"; name = libDxFeedGraalNativeApi.dylib; path = graal_builds/osx_universal/libDxFeedGraalNativeApi.dylib; sourceTree = "<group>"; };
		80BB67D8298FE6BC0049521F /* DxFEventQuote.h */ = {isa = PBXFileReference; lastKnownFileType = sourcecode.c.h; path = DxFEventQuote.h; sourceTree = "<group>"; };
		80BB67D9298FE6BC0049521F /* DxFEventQuote.m */ = {isa = PBXFileReference; lastKnownFileType = sourcecode.c.objc; path = DxFEventQuote.m; sourceTree = "<group>"; };
		80BB67E6298FEC610049521F /* DXFEventQuote+Private.h */ = {isa = PBXFileReference; lastKnownFileType = sourcecode.c.h; path = "DXFEventQuote+Private.h"; sourceTree = "<group>"; };
		80BB67EA299132F20049521F /* DxFEvent.h */ = {isa = PBXFileReference; lastKnownFileType = sourcecode.c.h; path = DxFEvent.h; sourceTree = "<group>"; };
		80BB67EB299132F20049521F /* DxFEvent.m */ = {isa = PBXFileReference; lastKnownFileType = sourcecode.c.objc; path = DxFEvent.m; sourceTree = "<group>"; };
		80BB67EE2991337C0049521F /* DxFEventType.h */ = {isa = PBXFileReference; lastKnownFileType = sourcecode.c.h; path = DxFEventType.h; sourceTree = "<group>"; };
		80BB67EF299139360049521F /* DxFTimeSale.h */ = {isa = PBXFileReference; lastKnownFileType = sourcecode.c.h; path = DxFTimeSale.h; sourceTree = "<group>"; };
		80BB67F0299139360049521F /* DxFTimeSale.m */ = {isa = PBXFileReference; lastKnownFileType = sourcecode.c.objc; path = DxFTimeSale.m; sourceTree = "<group>"; };
		80BB67F429913C820049521F /* DXFEvent+Private.h */ = {isa = PBXFileReference; lastKnownFileType = sourcecode.c.h; path = "DXFEvent+Private.h"; sourceTree = "<group>"; };
		80BB67F629913DC70049521F /* DxFEventFabric.h */ = {isa = PBXFileReference; lastKnownFileType = sourcecode.c.h; path = DxFEventFabric.h; sourceTree = "<group>"; };
		80BB67F729913DC70049521F /* DxFEventFabric.m */ = {isa = PBXFileReference; lastKnownFileType = sourcecode.c.objc; path = DxFEventFabric.m; sourceTree = "<group>"; };
		80E87C44298EA3EA0073BE36 /* DxFFeed.h */ = {isa = PBXFileReference; lastKnownFileType = sourcecode.c.h; path = DxFFeed.h; sourceTree = "<group>"; };
		80E87C45298EA3EA0073BE36 /* DxFFeed.m */ = {isa = PBXFileReference; lastKnownFileType = sourcecode.c.objc; path = DxFFeed.m; sourceTree = "<group>"; };
		80E87C48298EA4160073BE36 /* DxFConnectionState.h */ = {isa = PBXFileReference; lastKnownFileType = sourcecode.c.h; path = DxFConnectionState.h; sourceTree = "<group>"; };
		80E87C4D298EB34B0073BE36 /* DxFConnection+Graal.h */ = {isa = PBXFileReference; lastKnownFileType = sourcecode.c.h; path = "DxFConnection+Graal.h"; sourceTree = "<group>"; };
		80E87C4F298EC56F0073BE36 /* DxFException.h */ = {isa = PBXFileReference; lastKnownFileType = sourcecode.c.h; path = DxFException.h; sourceTree = "<group>"; };
		80E87C50298EC56F0073BE36 /* DxFException.m */ = {isa = PBXFileReference; lastKnownFileType = sourcecode.c.objc; path = DxFException.m; sourceTree = "<group>"; };
		80E87C53298ED35A0073BE36 /* DxFConstants.h */ = {isa = PBXFileReference; lastKnownFileType = sourcecode.c.h; path = DxFConstants.h; sourceTree = "<group>"; };
		80E87C55298ED3E40073BE36 /* DxFInternal.h */ = {isa = PBXFileReference; lastKnownFileType = sourcecode.c.h; path = DxFInternal.h; sourceTree = "<group>"; };
		80E87C5A298ED6A40073BE36 /* FeedTests.swift */ = {isa = PBXFileReference; lastKnownFileType = sourcecode.swift; path = FeedTests.swift; sourceTree = "<group>"; };
		80FF1CF02986BC6700AF70FE /* DxFEnvironment.h */ = {isa = PBXFileReference; lastKnownFileType = sourcecode.c.h; path = DxFEnvironment.h; sourceTree = "<group>"; };
		80FF1CF12986BC6700AF70FE /* DxFEnvironment.m */ = {isa = PBXFileReference; lastKnownFileType = sourcecode.c.objc; path = DxFEnvironment.m; sourceTree = "<group>"; };
		80FF1CF42986BED500AF70FE /* DxFEnvironment+Graal.h */ = {isa = PBXFileReference; lastKnownFileType = sourcecode.c.h; path = "DxFEnvironment+Graal.h"; sourceTree = "<group>"; };
/* End PBXFileReference section */

/* Begin PBXFrameworksBuildPhase section */
		809E25D529B114BC00AD5D27 /* Frameworks */ = {
			isa = PBXFrameworksBuildPhase;
			buildActionMask = 2147483647;
			files = (
				809E25E129B1199700AD5D27 /* DxFeedFramework.framework in Frameworks */,
			);
			runOnlyForDeploymentPostprocessing = 0;
		};
		80A3BBD82986ABB600501E11 /* Frameworks */ = {
			isa = PBXFrameworksBuildPhase;
			buildActionMask = 2147483647;
			files = (
				80ADEA172989850300F9E116 /* graal-svm-arm64-ios-r.a in Frameworks */,
				809E25E729B6663000AD5D27 /* libc++.tbd in Frameworks */,
				80ADEA192989850300F9E116 /* libDxFeedGraalNativeApi.o in Frameworks */,
				80ADEA142989846200F9E116 /* libDxFeedGraalNativeApi.dylib in Frameworks */,
				80ADEA182989850300F9E116 /* jdk-arm64-ios-r.a in Frameworks */,
			);
			runOnlyForDeploymentPostprocessing = 0;
		};
		80A3BBE02986ABB600501E11 /* Frameworks */ = {
			isa = PBXFrameworksBuildPhase;
			buildActionMask = 2147483647;
			files = (
				80A3BBE42986ABB600501E11 /* DxFeedFramework.framework in Frameworks */,
			);
			runOnlyForDeploymentPostprocessing = 0;
		};
/* End PBXFrameworksBuildPhase section */

/* Begin PBXGroup section */
		803C60A6299E9D2F00102B65 /* Private */ = {
			isa = PBXGroup;
			children = (
				803C618429A50C0500102B65 /* DXFTimeSale+Private.h */,
				80BB67F429913C820049521F /* DXFEvent+Private.h */,
				80BB67E6298FEC610049521F /* DXFEventQuote+Private.h */,
			);
			path = Private;
			sourceTree = "<group>";
		};
		809E25D929B114BD00AD5D27 /* PerfTest */ = {
			isa = PBXGroup;
			children = (
				809E25DA29B114BD00AD5D27 /* main.swift */,
			);
			path = PerfTest;
			sourceTree = "<group>";
		};
		80A3BBD12986ABB600501E11 = {
			isa = PBXGroup;
			children = (
				80A3BBDD2986ABB600501E11 /* DxFeedFramework */,
				80A3BBE72986ABB600501E11 /* DxFeedFrameworkTests */,
				809E25D929B114BD00AD5D27 /* PerfTest */,
				80A3BBDC2986ABB600501E11 /* Products */,
				80A3BBF32986AC0500501E11 /* Frameworks */,
			);
			sourceTree = "<group>";
		};
		80A3BBDC2986ABB600501E11 /* Products */ = {
			isa = PBXGroup;
			children = (
				80A3BBDB2986ABB600501E11 /* DxFeedFramework.framework */,
				80A3BBE32986ABB600501E11 /* DxFeedFrameworkTests.xctest */,
				809E25D829B114BC00AD5D27 /* PerfTest */,
			);
			name = Products;
			sourceTree = "<group>";
		};
		80A3BBDD2986ABB600501E11 /* DxFeedFramework */ = {
			isa = PBXGroup;
			children = (
				80BB67D5298FE6730049521F /* Events */,
				80E87C42298ADE460073BE36 /* Private */,
				80E87C41298ADE260073BE36 /* Utils */,
				80A3BBDE2986ABB600501E11 /* DxFeedFramework.h */,
				80E87C55298ED3E40073BE36 /* DxFInternal.h */,
				80FF1CF02986BC6700AF70FE /* DxFEnvironment.h */,
				80FF1CF12986BC6700AF70FE /* DxFEnvironment.m */,
				80A3BC042986B2B600501E11 /* DxFSystem.h */,
				80A3BC032986B2B600501E11 /* DxFSystem.m */,
				805E8B83298AC6BA00C2A6FA /* DxFConnection.h */,
				805E8B84298AC6BA00C2A6FA /* DxFConnection.m */,
				80E87C44298EA3EA0073BE36 /* DxFFeed.h */,
				80E87C45298EA3EA0073BE36 /* DxFFeed.m */,
				80E87C48298EA4160073BE36 /* DxFConnectionState.h */,
				805B92BD29997045001F9F4C /* DxFSubscription.h */,
				805B92BE29997045001F9F4C /* DxFSubscription.m */,
				805B92F4299AB61F001F9F4C /* DxFSubscriptionListener.h */,
				803C60CF29A2819E00102B65 /* DxFPublisher.h */,
				803C60D029A2819E00102B65 /* DxFPublisher.m */,
				803C60D729A28AF200102B65 /* DxFPublisherConnection.h */,
				803C60D829A28AF200102B65 /* DxFPublisherConnection.m */,
			);
			path = DxFeedFramework;
			sourceTree = "<group>";
		};
		80A3BBE72986ABB600501E11 /* DxFeedFrameworkTests */ = {
			isa = PBXGroup;
			children = (
				80A3BBE82986ABB600501E11 /* DxFeedFrameworkTests.swift */,
				80E87C5A298ED6A40073BE36 /* FeedTests.swift */,
				805B92F8299ABDD7001F9F4C /* TestListener.swift */,
				803C60D529A2867F00102B65 /* PublishTest.swift */,
			);
			path = DxFeedFrameworkTests;
			sourceTree = "<group>";
		};
		80A3BBF32986AC0500501E11 /* Frameworks */ = {
			isa = PBXGroup;
			children = (
				809E25E629B665F400AD5D27 /* libc++.tbd */,
				80ADEA132989846200F9E116 /* libDxFeedGraalNativeApi.dylib */,
				80ADEA122989845000F9E116 /* graal-svm-arm64-ios-r.a */,
				80ADEA102989845000F9E116 /* jdk-arm64-ios-r.a */,
				80ADEA112989845000F9E116 /* libDxFeedGraalNativeApi.o */,
			);
			name = Frameworks;
			sourceTree = "<group>";
		};
		80BB67D5298FE6730049521F /* Events */ = {
			isa = PBXGroup;
			children = (
				803C60A6299E9D2F00102B65 /* Private */,
				80BB67D8298FE6BC0049521F /* DxFEventQuote.h */,
				80BB67D9298FE6BC0049521F /* DxFEventQuote.m */,
				80BB67EA299132F20049521F /* DxFEvent.h */,
				80BB67EB299132F20049521F /* DxFEvent.m */,
				80BB67EE2991337C0049521F /* DxFEventType.h */,
				80BB67EF299139360049521F /* DxFTimeSale.h */,
				80BB67F0299139360049521F /* DxFTimeSale.m */,
			);
			path = Events;
			sourceTree = "<group>";
		};
		80E87C41298ADE260073BE36 /* Utils */ = {
			isa = PBXGroup;
			children = (
				805E8B8B298AD10200C2A6FA /* NSString+CString.h */,
				805E8B8C298AD10200C2A6FA /* NSString+CString.m */,
				805E8B87298AC9FA00C2A6FA /* Logger.h */,
				805E8B88298AC9FA00C2A6FA /* Logger.m */,
			);
			path = Utils;
			sourceTree = "<group>";
		};
		80E87C42298ADE460073BE36 /* Private */ = {
			isa = PBXGroup;
			children = (
				80FF1CF42986BED500AF70FE /* DxFEnvironment+Graal.h */,
				80E87C4D298EB34B0073BE36 /* DxFConnection+Graal.h */,
				80E87C53298ED35A0073BE36 /* DxFConstants.h */,
				805B92C1299A8846001F9F4C /* DxFFeed+Graal.h */,
				80E87C4F298EC56F0073BE36 /* DxFException.h */,
				80E87C50298EC56F0073BE36 /* DxFException.m */,
				80BB67F629913DC70049521F /* DxFEventFabric.h */,
				80BB67F729913DC70049521F /* DxFEventFabric.m */,
			);
			path = Private;
			sourceTree = "<group>";
		};
/* End PBXGroup section */

/* Begin PBXHeadersBuildPhase section */
		80A3BBD62986ABB600501E11 /* Headers */ = {
			isa = PBXHeadersBuildPhase;
			buildActionMask = 2147483647;
			files = (
				80E87C4A298EA4B60073BE36 /* DxFConnectionState.h in Headers */,
				803C618529A50C0500102B65 /* DXFTimeSale+Private.h in Headers */,
				80A3BBEA2986ABB600501E11 /* DxFeedFramework.h in Headers */,
				80BB67F529913C820049521F /* DXFEvent+Private.h in Headers */,
				805E8B89298AC9FA00C2A6FA /* Logger.h in Headers */,
				80BB67F329913AFF0049521F /* DxFEventType.h in Headers */,
				805B92F5299AB61F001F9F4C /* DxFSubscriptionListener.h in Headers */,
				80FF1CEF2986B93E00AF70FE /* DxFSystem.h in Headers */,
				80E87C4E298EB34B0073BE36 /* DxFConnection+Graal.h in Headers */,
				803C60D929A28AF200102B65 /* DxFPublisherConnection.h in Headers */,
				80BB67F1299139360049521F /* DxFTimeSale.h in Headers */,
				80BB67E7298FEC610049521F /* DXFEventQuote+Private.h in Headers */,
				805B92BF29997045001F9F4C /* DxFSubscription.h in Headers */,
				803C60D129A2819E00102B65 /* DxFPublisher.h in Headers */,
				80E87C51298EC56F0073BE36 /* DxFException.h in Headers */,
				80E87C57298ED4290073BE36 /* DxFInternal.h in Headers */,
				80E87C46298EA3EA0073BE36 /* DxFFeed.h in Headers */,
				80FF1CF52986BED500AF70FE /* DxFEnvironment+Graal.h in Headers */,
				80FF1CF22986BC6700AF70FE /* DxFEnvironment.h in Headers */,
				805E8B8D298AD10200C2A6FA /* NSString+CString.h in Headers */,
				80BB67EC299132F20049521F /* DxFEvent.h in Headers */,
				805E8B85298AC6BA00C2A6FA /* DxFConnection.h in Headers */,
				80BB67DA298FE6BC0049521F /* DxFEventQuote.h in Headers */,
				805B92C2299A8846001F9F4C /* DxFFeed+Graal.h in Headers */,
				80BB67F829913DC70049521F /* DxFEventFabric.h in Headers */,
			);
			runOnlyForDeploymentPostprocessing = 0;
		};
/* End PBXHeadersBuildPhase section */

/* Begin PBXNativeTarget section */
		809E25D729B114BC00AD5D27 /* PerfTest */ = {
			isa = PBXNativeTarget;
			buildConfigurationList = 809E25DE29B114BD00AD5D27 /* Build configuration list for PBXNativeTarget "PerfTest" */;
			buildPhases = (
				809E25D429B114BC00AD5D27 /* Sources */,
				809E25D529B114BC00AD5D27 /* Frameworks */,
				809E25D629B114BC00AD5D27 /* CopyFiles */,
				809E25E529B1199700AD5D27 /* Embed Frameworks */,
			);
			buildRules = (
			);
			dependencies = (
				809E25E429B1199700AD5D27 /* PBXTargetDependency */,
			);
			name = PerfTest;
			productName = PerfTest;
			productReference = 809E25D829B114BC00AD5D27 /* PerfTest */;
			productType = "com.apple.product-type.tool";
		};
		80A3BBDA2986ABB600501E11 /* DxFeedFramework */ = {
			isa = PBXNativeTarget;
			buildConfigurationList = 80A3BBED2986ABB600501E11 /* Build configuration list for PBXNativeTarget "DxFeedFramework" */;
			buildPhases = (
				80ADEA0929897DE400F9E116 /* Check graal libraries */,
				80A3BBD62986ABB600501E11 /* Headers */,
				80A3BBD72986ABB600501E11 /* Sources */,
				80A3BBD82986ABB600501E11 /* Frameworks */,
				80A3BBD92986ABB600501E11 /* Resources */,
				80ADEA162989846200F9E116 /* Embed Libraries */,
			);
			buildRules = (
			);
			dependencies = (
			);
			name = DxFeedFramework;
			productName = DXFeedFramework;
			productReference = 80A3BBDB2986ABB600501E11 /* DxFeedFramework.framework */;
			productType = "com.apple.product-type.framework";
		};
		80A3BBE22986ABB600501E11 /* DxFeedFrameworkTests */ = {
			isa = PBXNativeTarget;
			buildConfigurationList = 80A3BBF02986ABB600501E11 /* Build configuration list for PBXNativeTarget "DxFeedFrameworkTests" */;
			buildPhases = (
				80A3BBDF2986ABB600501E11 /* Sources */,
				80A3BBE02986ABB600501E11 /* Frameworks */,
				80A3BBE12986ABB600501E11 /* Resources */,
			);
			buildRules = (
			);
			dependencies = (
				80A3BBE62986ABB600501E11 /* PBXTargetDependency */,
			);
			name = DxFeedFrameworkTests;
			productName = DXFeedFrameworkTests;
			productReference = 80A3BBE32986ABB600501E11 /* DxFeedFrameworkTests.xctest */;
			productType = "com.apple.product-type.bundle.unit-test";
		};
/* End PBXNativeTarget section */

/* Begin PBXProject section */
		80A3BBD22986ABB600501E11 /* Project object */ = {
			isa = PBXProject;
			attributes = {
				BuildIndependentTargetsInParallel = 1;
				LastSwiftUpdateCheck = 1420;
				LastUpgradeCheck = 1420;
				TargetAttributes = {
					809E25D729B114BC00AD5D27 = {
						CreatedOnToolsVersion = 14.2;
					};
					80A3BBDA2986ABB600501E11 = {
						CreatedOnToolsVersion = 14.2;
						LastSwiftMigration = 1420;
					};
					80A3BBE22986ABB600501E11 = {
						CreatedOnToolsVersion = 14.2;
						LastSwiftMigration = 1420;
					};
					80ADEA1D29898AB400F9E116 = {
						CreatedOnToolsVersion = 14.2;
					};
				};
			};
			buildConfigurationList = 80A3BBD52986ABB600501E11 /* Build configuration list for PBXProject "DxFeedFramework" */;
			compatibilityVersion = "Xcode 14.0";
			developmentRegion = en;
			hasScannedForEncodings = 0;
			knownRegions = (
				en,
				Base,
			);
			mainGroup = 80A3BBD12986ABB600501E11;
			productRefGroup = 80A3BBDC2986ABB600501E11 /* Products */;
			projectDirPath = "";
			projectRoot = "";
			targets = (
				80A3BBDA2986ABB600501E11 /* DxFeedFramework */,
				80A3BBE22986ABB600501E11 /* DxFeedFrameworkTests */,
				80ADEA1D29898AB400F9E116 /* XCFramework */,
				809E25D729B114BC00AD5D27 /* PerfTest */,
			);
		};
/* End PBXProject section */

/* Begin PBXResourcesBuildPhase section */
		80A3BBD92986ABB600501E11 /* Resources */ = {
			isa = PBXResourcesBuildPhase;
			buildActionMask = 2147483647;
			files = (
			);
			runOnlyForDeploymentPostprocessing = 0;
		};
		80A3BBE12986ABB600501E11 /* Resources */ = {
			isa = PBXResourcesBuildPhase;
			buildActionMask = 2147483647;
			files = (
			);
			runOnlyForDeploymentPostprocessing = 0;
		};
/* End PBXResourcesBuildPhase section */

/* Begin PBXShellScriptBuildPhase section */
		80ADEA0929897DE400F9E116 /* Check graal libraries */ = {
			isa = PBXShellScriptBuildPhase;
			alwaysOutOfDate = 1;
			buildActionMask = 2147483647;
			files = (
			);
			inputFileListPaths = (
			);
			inputPaths = (
			);
			name = "Check graal libraries";
			outputFileListPaths = (
			);
			outputPaths = (
			);
			runOnlyForDeploymentPostprocessing = 0;
			shellPath = /bin/sh;
			shellScript = "# Type a script or drag a script file from your workspace to insert its path.\nif [ -d \"graal_builds\" ]; then\n    echo \"Grall builds are existing\"\n    if [ -d \"graal_builds/osx_universal\" ]; then\n        echo \"Graal is ready.\"\n    else \n        echo \"Create universal macOS lib\"\n        cp -r \"graal_builds/osx_x86\" \"graal_builds/temp\"\n        rm \"graal_builds/temp/libDxFeedGraalNativeApi.dylib\"\n        lipo \"graal_builds/osx_x86/libDxFeedGraalNativeApi.dylib\" \"graal_builds/osx_arm/libDxFeedGraalNativeApi.dylib\" -output \"graal_builds/temp/libDxFeedGraalNativeApi.dylib\" -create\n        mv \"graal_builds/temp\" \"graal_builds/osx_universal\"\n    fi\n    \nelse\n  echo \"Grall builds are not existing. Please download dependencies using gradle.\"\n  exit 1\nfi\n";
		};
		80ADEA2129898AC800F9E116 /* Build XCFramework */ = {
			isa = PBXShellScriptBuildPhase;
			alwaysOutOfDate = 1;
			buildActionMask = 2147483647;
			files = (
			);
			inputFileListPaths = (
			);
			inputPaths = (
			);
			name = "Build XCFramework";
			outputFileListPaths = (
			);
			outputPaths = (
			);
			runOnlyForDeploymentPostprocessing = 0;
			shellPath = /bin/sh;
			shellScript = "rm -rf build\nxcodebuild archive \\\n-scheme DxFeedFramework \\\n-configuration Release \\\n-destination 'generic/platform=iOS' \\\n-archivePath './build/DxFeedFramework.framework-ios.xcarchive' \\\nSKIP_INSTALL=NO \\\nBUILD_LIBRARIES_FOR_DISTRIBUTION=YES\n\n\nxcodebuild archive \\\n-scheme DxFeedFramework \\\n-configuration Release \\\n-destination 'platform=macOS,arch=arm64' \\\n-archivePath './build/DxFeedFramework.framework-mac.xcarchive' \\\nSKIP_INSTALL=NO \\\nBUILD_LIBRARIES_FOR_DISTRIBUTION=YES\n\nxcodebuild -create-xcframework \\\n-framework './build/DxFeedFramework.framework-ios.xcarchive/Products/Library/Frameworks/DxFeedFramework.framework' \\\n-framework './build/DxFeedFramework.framework-mac.xcarchive/Products/Library/Frameworks/DxFeedFramework.framework' \\\n-output './build/DxFeedFramework.xcframework'\n";
		};
/* End PBXShellScriptBuildPhase section */

/* Begin PBXSourcesBuildPhase section */
		809E25D429B114BC00AD5D27 /* Sources */ = {
			isa = PBXSourcesBuildPhase;
			buildActionMask = 2147483647;
			files = (
				809E25DB29B114BD00AD5D27 /* main.swift in Sources */,
			);
			runOnlyForDeploymentPostprocessing = 0;
		};
		80A3BBD72986ABB600501E11 /* Sources */ = {
			isa = PBXSourcesBuildPhase;
			buildActionMask = 2147483647;
			files = (
				80E87C49298EA4160073BE36 /* DxFConnectionState.h in Sources */,
				80E87C47298EA3EA0073BE36 /* DxFFeed.m in Sources */,
				80BB67ED299132F20049521F /* DxFEvent.m in Sources */,
				80E87C52298EC56F0073BE36 /* DxFException.m in Sources */,
				80FF1D0D2987E8A300AF70FE /* DxFEnvironment.m in Sources */,
				805E8B8E298AD10200C2A6FA /* NSString+CString.m in Sources */,
				80FF1D0C2987E89D00AF70FE /* DxFSystem.m in Sources */,
				803C60DA29A28AF200102B65 /* DxFPublisherConnection.m in Sources */,
				80BB67F2299139360049521F /* DxFTimeSale.m in Sources */,
				805E8B86298AC6BA00C2A6FA /* DxFConnection.m in Sources */,
				803C60D229A2819E00102B65 /* DxFPublisher.m in Sources */,
				80E87C56298ED3E40073BE36 /* DxFInternal.h in Sources */,
				80BB67DB298FE6BC0049521F /* DxFEventQuote.m in Sources */,
				80BB67F929913DC70049521F /* DxFEventFabric.m in Sources */,
				805B92C029997045001F9F4C /* DxFSubscription.m in Sources */,
				805E8B8A298AC9FA00C2A6FA /* Logger.m in Sources */,
				80E87C54298ED35A0073BE36 /* DxFConstants.h in Sources */,
			);
			runOnlyForDeploymentPostprocessing = 0;
		};
		80A3BBDF2986ABB600501E11 /* Sources */ = {
			isa = PBXSourcesBuildPhase;
			buildActionMask = 2147483647;
			files = (
				803C60DC29A2938F00102B65 /* PublishTest.swift in Sources */,
			);
			runOnlyForDeploymentPostprocessing = 0;
		};
/* End PBXSourcesBuildPhase section */

/* Begin PBXTargetDependency section */
		809E25E429B1199700AD5D27 /* PBXTargetDependency */ = {
			isa = PBXTargetDependency;
			target = 80A3BBDA2986ABB600501E11 /* DxFeedFramework */;
			targetProxy = 809E25E329B1199700AD5D27 /* PBXContainerItemProxy */;
		};
		80A3BBE62986ABB600501E11 /* PBXTargetDependency */ = {
			isa = PBXTargetDependency;
			target = 80A3BBDA2986ABB600501E11 /* DxFeedFramework */;
			targetProxy = 80A3BBE52986ABB600501E11 /* PBXContainerItemProxy */;
		};
/* End PBXTargetDependency section */

/* Begin XCBuildConfiguration section */
		809E25DC29B114BD00AD5D27 /* Debug */ = {
			isa = XCBuildConfiguration;
			buildSettings = {
				CODE_SIGN_STYLE = Automatic;
				DEVELOPMENT_TEAM = NU75WFM6U6;
				ENABLE_HARDENED_RUNTIME = YES;
				LD_RUNPATH_SEARCH_PATHS = "@executable_path";
				MACOSX_DEPLOYMENT_TARGET = 13.1;
				PRODUCT_NAME = "$(TARGET_NAME)";
				SDKROOT = macosx;
				SWIFT_VERSION = 5.0;
			};
			name = Debug;
		};
		809E25DD29B114BD00AD5D27 /* Release */ = {
			isa = XCBuildConfiguration;
			buildSettings = {
				CODE_SIGN_STYLE = Automatic;
				DEVELOPMENT_TEAM = NU75WFM6U6;
				ENABLE_HARDENED_RUNTIME = YES;
				LD_RUNPATH_SEARCH_PATHS = "@executable_path";
				MACOSX_DEPLOYMENT_TARGET = 13.1;
				PRODUCT_NAME = "$(TARGET_NAME)";
				SDKROOT = macosx;
				SWIFT_VERSION = 5.0;
			};
			name = Release;
		};
		80A3BBEB2986ABB600501E11 /* Debug */ = {
			isa = XCBuildConfiguration;
			buildSettings = {
				ALWAYS_SEARCH_USER_PATHS = NO;
				CLANG_ANALYZER_NONNULL = YES;
				CLANG_ANALYZER_NUMBER_OBJECT_CONVERSION = YES_AGGRESSIVE;
				CLANG_CXX_LANGUAGE_STANDARD = "gnu++20";
				CLANG_ENABLE_MODULES = YES;
				CLANG_ENABLE_OBJC_ARC = YES;
				CLANG_ENABLE_OBJC_WEAK = YES;
				CLANG_WARN_BLOCK_CAPTURE_AUTORELEASING = YES;
				CLANG_WARN_BOOL_CONVERSION = YES;
				CLANG_WARN_COMMA = YES;
				CLANG_WARN_CONSTANT_CONVERSION = YES;
				CLANG_WARN_DEPRECATED_OBJC_IMPLEMENTATIONS = YES;
				CLANG_WARN_DIRECT_OBJC_ISA_USAGE = YES_ERROR;
				CLANG_WARN_DOCUMENTATION_COMMENTS = YES;
				CLANG_WARN_EMPTY_BODY = YES;
				CLANG_WARN_ENUM_CONVERSION = YES;
				CLANG_WARN_INFINITE_RECURSION = YES;
				CLANG_WARN_INT_CONVERSION = YES;
				CLANG_WARN_NON_LITERAL_NULL_CONVERSION = YES;
				CLANG_WARN_OBJC_IMPLICIT_RETAIN_SELF = YES;
				CLANG_WARN_OBJC_LITERAL_CONVERSION = YES;
				CLANG_WARN_OBJC_ROOT_CLASS = YES_ERROR;
				CLANG_WARN_QUOTED_INCLUDE_IN_FRAMEWORK_HEADER = YES;
				CLANG_WARN_RANGE_LOOP_ANALYSIS = YES;
				CLANG_WARN_STRICT_PROTOTYPES = YES;
				CLANG_WARN_SUSPICIOUS_MOVE = YES;
				CLANG_WARN_UNGUARDED_AVAILABILITY = YES_AGGRESSIVE;
				CLANG_WARN_UNREACHABLE_CODE = YES;
				CLANG_WARN__DUPLICATE_METHOD_MATCH = YES;
				COPY_PHASE_STRIP = NO;
				CURRENT_PROJECT_VERSION = 1;
				DEBUG_INFORMATION_FORMAT = dwarf;
				ENABLE_STRICT_OBJC_MSGSEND = YES;
				ENABLE_TESTABILITY = YES;
				GCC_C_LANGUAGE_STANDARD = gnu11;
				GCC_DYNAMIC_NO_PIC = NO;
				GCC_NO_COMMON_BLOCKS = YES;
				GCC_OPTIMIZATION_LEVEL = 0;
				GCC_PREPROCESSOR_DEFINITIONS = (
					"DEBUG=1",
					"$(inherited)",
				);
				GCC_WARN_64_TO_32_BIT_CONVERSION = YES;
				GCC_WARN_ABOUT_RETURN_TYPE = YES_ERROR;
				GCC_WARN_UNDECLARED_SELECTOR = YES;
				GCC_WARN_UNINITIALIZED_AUTOS = YES_AGGRESSIVE;
				GCC_WARN_UNUSED_FUNCTION = YES;
				GCC_WARN_UNUSED_VARIABLE = YES;
				MTL_ENABLE_DEBUG_INFO = INCLUDE_SOURCE;
				MTL_FAST_MATH = YES;
				ONLY_ACTIVE_ARCH = YES;
				SWIFT_ACTIVE_COMPILATION_CONDITIONS = DEBUG;
				SWIFT_OPTIMIZATION_LEVEL = "-Onone";
				VERSIONING_SYSTEM = "apple-generic";
				VERSION_INFO_PREFIX = "";
			};
			name = Debug;
		};
		80A3BBEC2986ABB600501E11 /* Release */ = {
			isa = XCBuildConfiguration;
			buildSettings = {
				ALWAYS_SEARCH_USER_PATHS = NO;
				CLANG_ANALYZER_NONNULL = YES;
				CLANG_ANALYZER_NUMBER_OBJECT_CONVERSION = YES_AGGRESSIVE;
				CLANG_CXX_LANGUAGE_STANDARD = "gnu++20";
				CLANG_ENABLE_MODULES = YES;
				CLANG_ENABLE_OBJC_ARC = YES;
				CLANG_ENABLE_OBJC_WEAK = YES;
				CLANG_WARN_BLOCK_CAPTURE_AUTORELEASING = YES;
				CLANG_WARN_BOOL_CONVERSION = YES;
				CLANG_WARN_COMMA = YES;
				CLANG_WARN_CONSTANT_CONVERSION = YES;
				CLANG_WARN_DEPRECATED_OBJC_IMPLEMENTATIONS = YES;
				CLANG_WARN_DIRECT_OBJC_ISA_USAGE = YES_ERROR;
				CLANG_WARN_DOCUMENTATION_COMMENTS = YES;
				CLANG_WARN_EMPTY_BODY = YES;
				CLANG_WARN_ENUM_CONVERSION = YES;
				CLANG_WARN_INFINITE_RECURSION = YES;
				CLANG_WARN_INT_CONVERSION = YES;
				CLANG_WARN_NON_LITERAL_NULL_CONVERSION = YES;
				CLANG_WARN_OBJC_IMPLICIT_RETAIN_SELF = YES;
				CLANG_WARN_OBJC_LITERAL_CONVERSION = YES;
				CLANG_WARN_OBJC_ROOT_CLASS = YES_ERROR;
				CLANG_WARN_QUOTED_INCLUDE_IN_FRAMEWORK_HEADER = YES;
				CLANG_WARN_RANGE_LOOP_ANALYSIS = YES;
				CLANG_WARN_STRICT_PROTOTYPES = YES;
				CLANG_WARN_SUSPICIOUS_MOVE = YES;
				CLANG_WARN_UNGUARDED_AVAILABILITY = YES_AGGRESSIVE;
				CLANG_WARN_UNREACHABLE_CODE = YES;
				CLANG_WARN__DUPLICATE_METHOD_MATCH = YES;
				COPY_PHASE_STRIP = NO;
				CURRENT_PROJECT_VERSION = 1;
				DEBUG_INFORMATION_FORMAT = "dwarf-with-dsym";
				ENABLE_NS_ASSERTIONS = NO;
				ENABLE_STRICT_OBJC_MSGSEND = YES;
				GCC_C_LANGUAGE_STANDARD = gnu11;
				GCC_NO_COMMON_BLOCKS = YES;
				GCC_WARN_64_TO_32_BIT_CONVERSION = YES;
				GCC_WARN_ABOUT_RETURN_TYPE = YES_ERROR;
				GCC_WARN_UNDECLARED_SELECTOR = YES;
				GCC_WARN_UNINITIALIZED_AUTOS = YES_AGGRESSIVE;
				GCC_WARN_UNUSED_FUNCTION = YES;
				GCC_WARN_UNUSED_VARIABLE = YES;
				MTL_ENABLE_DEBUG_INFO = NO;
				MTL_FAST_MATH = YES;
				SWIFT_COMPILATION_MODE = wholemodule;
				SWIFT_OPTIMIZATION_LEVEL = "-O";
				VERSIONING_SYSTEM = "apple-generic";
				VERSION_INFO_PREFIX = "";
			};
			name = Release;
		};
		80A3BBEE2986ABB600501E11 /* Debug */ = {
			isa = XCBuildConfiguration;
			buildSettings = {
				ARCHS = "$(ARCHS_STANDARD)";
				BUILD_LIBRARY_FOR_DISTRIBUTION = NO;
				CLANG_ENABLE_MODULES = YES;
				CODE_SIGN_STYLE = Automatic;
				CURRENT_PROJECT_VERSION = 1;
				DEFINES_MODULE = YES;
				DEVELOPMENT_TEAM = NU75WFM6U6;
				DYLIB_COMPATIBILITY_VERSION = 1;
				DYLIB_CURRENT_VERSION = 1;
				DYLIB_INSTALL_NAME_BASE = "@rpath";
				GENERATE_INFOPLIST_FILE = YES;
				HEADER_SEARCH_PATHS = "$(PROJECT_DIR)/graal_builds/ios";
				INFOPLIST_KEY_NSHumanReadableCopyright = "";
				INSTALL_PATH = "$(LOCAL_LIBRARY_DIR)/Frameworks";
				IPHONEOS_DEPLOYMENT_TARGET = 16.2;
				LD_RUNPATH_SEARCH_PATHS = (
					"@executable_path/Frameworks",
					"@loader_path/Frameworks",
				);
				"LD_RUNPATH_SEARCH_PATHS[sdk=macosx*]" = (
					"@executable_path/../Frameworks",
					"@loader_path/Frameworks",
				);
				LIBRARY_SEARCH_PATHS = (
					"$(inherited)",
					"$(PROJECT_DIR)/graal_builds/ios",
					"$(PROJECT_DIR)/graal_builds/osx_universal",
				);
				MACH_O_TYPE = mh_dylib;
				MACOSX_DEPLOYMENT_TARGET = 13.0;
				MARKETING_VERSION = 1.0;
				PRODUCT_BUNDLE_IDENTIFIER = com.dxf.DXFFramework;
				PRODUCT_NAME = "$(TARGET_NAME:c99extidentifier)";
				SDKROOT = auto;
				SKIP_INSTALL = YES;
				SUPPORTED_PLATFORMS = "iphoneos iphonesimulator macosx";
				SUPPORTS_MACCATALYST = NO;
				SUPPORTS_MAC_DESIGNED_FOR_IPHONE_IPAD = NO;
				SWIFT_EMIT_LOC_STRINGS = YES;
				SWIFT_OPTIMIZATION_LEVEL = "-Onone";
				SWIFT_VERSION = 5.0;
				TARGETED_DEVICE_FAMILY = "1,2";
			};
			name = Debug;
		};
		80A3BBEF2986ABB600501E11 /* Release */ = {
			isa = XCBuildConfiguration;
			buildSettings = {
				ARCHS = "$(ARCHS_STANDARD)";
				BUILD_LIBRARY_FOR_DISTRIBUTION = NO;
				CLANG_ENABLE_MODULES = YES;
				CODE_SIGN_STYLE = Automatic;
				CURRENT_PROJECT_VERSION = 1;
				DEFINES_MODULE = YES;
				DEVELOPMENT_TEAM = NU75WFM6U6;
				DYLIB_COMPATIBILITY_VERSION = 1;
				DYLIB_CURRENT_VERSION = 1;
				DYLIB_INSTALL_NAME_BASE = "@rpath";
				GENERATE_INFOPLIST_FILE = YES;
				HEADER_SEARCH_PATHS = "$(PROJECT_DIR)/graal_builds/ios";
				INFOPLIST_KEY_NSHumanReadableCopyright = "";
				INSTALL_PATH = "$(LOCAL_LIBRARY_DIR)/Frameworks";
				IPHONEOS_DEPLOYMENT_TARGET = 16.2;
				LD_RUNPATH_SEARCH_PATHS = (
					"@executable_path/Frameworks",
					"@loader_path/Frameworks",
				);
				"LD_RUNPATH_SEARCH_PATHS[sdk=macosx*]" = (
					"@executable_path/../Frameworks",
					"@loader_path/Frameworks",
				);
				LIBRARY_SEARCH_PATHS = (
					"$(inherited)",
					"$(PROJECT_DIR)/graal_builds/ios",
					"$(PROJECT_DIR)/graal_builds/osx_universal",
				);
				MACH_O_TYPE = mh_dylib;
				MACOSX_DEPLOYMENT_TARGET = 13.0;
				MARKETING_VERSION = 1.0;
				PRODUCT_BUNDLE_IDENTIFIER = com.dxf.DXFFramework;
				PRODUCT_NAME = "$(TARGET_NAME:c99extidentifier)";
				SDKROOT = auto;
				SKIP_INSTALL = YES;
				SUPPORTED_PLATFORMS = "iphoneos iphonesimulator macosx";
				SUPPORTS_MACCATALYST = NO;
				SUPPORTS_MAC_DESIGNED_FOR_IPHONE_IPAD = NO;
				SWIFT_EMIT_LOC_STRINGS = YES;
				SWIFT_VERSION = 5.0;
				TARGETED_DEVICE_FAMILY = "1,2";
			};
			name = Release;
		};
		80A3BBF12986ABB600501E11 /* Debug */ = {
			isa = XCBuildConfiguration;
			buildSettings = {
				CLANG_ENABLE_MODULES = YES;
				CODE_SIGN_STYLE = Automatic;
				CURRENT_PROJECT_VERSION = 1;
				DEVELOPMENT_TEAM = NU75WFM6U6;
				GENERATE_INFOPLIST_FILE = YES;
				IPHONEOS_DEPLOYMENT_TARGET = 16.2;
				LD_RUNPATH_SEARCH_PATHS = (
					"$(inherited)",
					"@executable_path/Frameworks",
					"@loader_path/Frameworks",
				);
				MACOSX_DEPLOYMENT_TARGET = 13.1;
				MARKETING_VERSION = 1.0;
				PRODUCT_BUNDLE_IDENTIFIER = com.dxf.DXFFrameworkTests;
				PRODUCT_NAME = "$(TARGET_NAME)";
				SDKROOT = auto;
				SUPPORTED_PLATFORMS = "iphoneos iphonesimulator macosx";
				SWIFT_EMIT_LOC_STRINGS = NO;
				SWIFT_OPTIMIZATION_LEVEL = "-Onone";
				SWIFT_VERSION = 5.0;
				TARGETED_DEVICE_FAMILY = "1,2";
			};
			name = Debug;
		};
		80A3BBF22986ABB600501E11 /* Release */ = {
			isa = XCBuildConfiguration;
			buildSettings = {
				CLANG_ENABLE_MODULES = YES;
				CODE_SIGN_STYLE = Automatic;
				CURRENT_PROJECT_VERSION = 1;
				DEVELOPMENT_TEAM = NU75WFM6U6;
				GENERATE_INFOPLIST_FILE = YES;
				IPHONEOS_DEPLOYMENT_TARGET = 16.2;
				LD_RUNPATH_SEARCH_PATHS = (
					"$(inherited)",
					"@executable_path/Frameworks",
					"@loader_path/Frameworks",
				);
				MACOSX_DEPLOYMENT_TARGET = 13.1;
				MARKETING_VERSION = 1.0;
				PRODUCT_BUNDLE_IDENTIFIER = com.dxf.DXFFrameworkTests;
				PRODUCT_NAME = "$(TARGET_NAME)";
				SDKROOT = auto;
				SUPPORTED_PLATFORMS = "iphoneos iphonesimulator macosx";
				SWIFT_EMIT_LOC_STRINGS = NO;
				SWIFT_VERSION = 5.0;
				TARGETED_DEVICE_FAMILY = "1,2";
			};
			name = Release;
		};
		80ADEA1E29898AB400F9E116 /* Debug */ = {
			isa = XCBuildConfiguration;
			buildSettings = {
				CODE_SIGN_STYLE = Automatic;
				DEVELOPMENT_TEAM = NU75WFM6U6;
				PRODUCT_NAME = "$(TARGET_NAME)";
			};
			name = Debug;
		};
		80ADEA1F29898AB400F9E116 /* Release */ = {
			isa = XCBuildConfiguration;
			buildSettings = {
				CODE_SIGN_STYLE = Automatic;
				DEVELOPMENT_TEAM = NU75WFM6U6;
				GCC_OPTIMIZATION_LEVEL = s;
				PRODUCT_NAME = "$(TARGET_NAME)";
			};
			name = Release;
		};
/* End XCBuildConfiguration section */

/* Begin XCConfigurationList section */
		809E25DE29B114BD00AD5D27 /* Build configuration list for PBXNativeTarget "PerfTest" */ = {
			isa = XCConfigurationList;
			buildConfigurations = (
				809E25DC29B114BD00AD5D27 /* Debug */,
				809E25DD29B114BD00AD5D27 /* Release */,
			);
			defaultConfigurationIsVisible = 0;
			defaultConfigurationName = Release;
		};
		80A3BBD52986ABB600501E11 /* Build configuration list for PBXProject "DxFeedFramework" */ = {
			isa = XCConfigurationList;
			buildConfigurations = (
				80A3BBEB2986ABB600501E11 /* Debug */,
				80A3BBEC2986ABB600501E11 /* Release */,
			);
			defaultConfigurationIsVisible = 0;
			defaultConfigurationName = Release;
		};
		80A3BBED2986ABB600501E11 /* Build configuration list for PBXNativeTarget "DxFeedFramework" */ = {
			isa = XCConfigurationList;
			buildConfigurations = (
				80A3BBEE2986ABB600501E11 /* Debug */,
				80A3BBEF2986ABB600501E11 /* Release */,
			);
			defaultConfigurationIsVisible = 0;
			defaultConfigurationName = Release;
		};
		80A3BBF02986ABB600501E11 /* Build configuration list for PBXNativeTarget "DxFeedFrameworkTests" */ = {
			isa = XCConfigurationList;
			buildConfigurations = (
				80A3BBF12986ABB600501E11 /* Debug */,
				80A3BBF22986ABB600501E11 /* Release */,
			);
			defaultConfigurationIsVisible = 0;
			defaultConfigurationName = Release;
		};
		80ADEA2029898AB400F9E116 /* Build configuration list for PBXAggregateTarget "XCFramework" */ = {
			isa = XCConfigurationList;
			buildConfigurations = (
				80ADEA1E29898AB400F9E116 /* Debug */,
				80ADEA1F29898AB400F9E116 /* Release */,
			);
			defaultConfigurationIsVisible = 0;
			defaultConfigurationName = Release;
		};
/* End XCConfigurationList section */
	};
	rootObject = 80A3BBD22986ABB600501E11 /* Project object */;
}
